// !$*UTF8*$!
{
	archiveVersion = 1;
	classes = {
	};
	objectVersion = 56;
	objects = {

/* Begin PBXBuildFile section */
		5302AC3B28FD5CD7004287CF /* GroupSettingsTableViewCell.swift in Sources */ = {isa = PBXBuildFile; fileRef = 5302AC3928FD5CD7004287CF /* GroupSettingsTableViewCell.swift */; };
		5302AC3C28FD5CD7004287CF /* GroupSettingsTableViewCell.xib in Resources */ = {isa = PBXBuildFile; fileRef = 5302AC3A28FD5CD7004287CF /* GroupSettingsTableViewCell.xib */; };
		5302AC3E28FDD1E4004287CF /* AddParticipantViewController.swift in Sources */ = {isa = PBXBuildFile; fileRef = 5302AC3D28FDD1E3004287CF /* AddParticipantViewController.swift */; };
		532534D0291AED8800EAB1E7 /* CategoriesTableViewCell.swift in Sources */ = {isa = PBXBuildFile; fileRef = 532534CE291AED8700EAB1E7 /* CategoriesTableViewCell.swift */; };
		532534D1291AED8800EAB1E7 /* CategoriesTableViewCell.xib in Resources */ = {isa = PBXBuildFile; fileRef = 532534CF291AED8700EAB1E7 /* CategoriesTableViewCell.xib */; };
		5328A71129091E170001B9DD /* ItemsTableViewLogic.swift in Sources */ = {isa = PBXBuildFile; fileRef = 5328A71029091E170001B9DD /* ItemsTableViewLogic.swift */; };
		5328A713290941690001B9DD /* AddGroupLogic.swift in Sources */ = {isa = PBXBuildFile; fileRef = 5328A712290941690001B9DD /* AddGroupLogic.swift */; };
		5328A71529094D170001B9DD /* ConfirmGroupLogic.swift in Sources */ = {isa = PBXBuildFile; fileRef = 5328A71429094D170001B9DD /* ConfirmGroupLogic.swift */; };
		533189EC2912ACA1002BEEE1 /* AddParticipantLogic.swift in Sources */ = {isa = PBXBuildFile; fileRef = 533189EB2912ACA1002BEEE1 /* AddParticipantLogic.swift */; };
		5341BE6328F04DF100253761 /* GoogleService-Info.plist in Resources */ = {isa = PBXBuildFile; fileRef = 5341BE6228F04DF100253761 /* GoogleService-Info.plist */; };
		5341BE6528F0545D00253761 /* GroupsViewController.swift in Sources */ = {isa = PBXBuildFile; fileRef = 5341BE6428F0545D00253761 /* GroupsViewController.swift */; };
		5341BE6728F0719800253761 /* LoginViewController.swift in Sources */ = {isa = PBXBuildFile; fileRef = 5341BE6628F0719800253761 /* LoginViewController.swift */; };
		5341BE6928F0721400253761 /* RegisterViewController.swift in Sources */ = {isa = PBXBuildFile; fileRef = 5341BE6828F0721400253761 /* RegisterViewController.swift */; };
		5341BE6B28F07BBE00253761 /* SettingsViewController.swift in Sources */ = {isa = PBXBuildFile; fileRef = 5341BE6A28F07BBE00253761 /* SettingsViewController.swift */; };
		5341BE7428F09B9000253761 /* FireStoreManager.swift in Sources */ = {isa = PBXBuildFile; fileRef = 5341BE7328F09B9000253761 /* FireStoreManager.swift */; };
		5341BE7628F09EF100253761 /* RealmUser.swift in Sources */ = {isa = PBXBuildFile; fileRef = 5341BE7528F09EF100253761 /* RealmUser.swift */; };
		5345884128F7F3F800C26C27 /* ConfirmGroupViewController.swift in Sources */ = {isa = PBXBuildFile; fileRef = 5345884028F7F3F800C26C27 /* ConfirmGroupViewController.swift */; };
		5345884828F8469A00C26C27 /* GroupsTableViewCell.swift in Sources */ = {isa = PBXBuildFile; fileRef = 5345884628F8469A00C26C27 /* GroupsTableViewCell.swift */; };
		5345884928F8469A00C26C27 /* GroupsTableViewCell.xib in Resources */ = {isa = PBXBuildFile; fileRef = 5345884728F8469A00C26C27 /* GroupsTableViewCell.xib */; };
		5349598D292D34800077490E /* PushNotificationSender.swift in Sources */ = {isa = PBXBuildFile; fileRef = 5349598C292D34800077490E /* PushNotificationSender.swift */; };
		5349598F292D41F10077490E /* PushNotificationManager.swift in Sources */ = {isa = PBXBuildFile; fileRef = 5349598E292D41F10077490E /* PushNotificationManager.swift */; };
		534B6B2928EF07CD006EF12A /* NewCategoryViewController.swift in Sources */ = {isa = PBXBuildFile; fileRef = 534B6B2828EF07CD006EF12A /* NewCategoryViewController.swift */; };
		534B6B2B28EF3C6B006EF12A /* PersonalCategories.swift in Sources */ = {isa = PBXBuildFile; fileRef = 534B6B2A28EF3C6B006EF12A /* PersonalCategories.swift */; };
		534B6B2D28EF4F10006EF12A /* PersonalItemsViewController.swift in Sources */ = {isa = PBXBuildFile; fileRef = 534B6B2C28EF4F10006EF12A /* PersonalItemsViewController.swift */; };
		5353B8E328F993E90090A62E /* GroupsItemsViewController.swift in Sources */ = {isa = PBXBuildFile; fileRef = 5353B8E228F993E90090A62E /* GroupsItemsViewController.swift */; };
		5353B8EA28F9A60B0090A62E /* GroupItemsCollectionViewCell.swift in Sources */ = {isa = PBXBuildFile; fileRef = 5353B8E828F9A60B0090A62E /* GroupItemsCollectionViewCell.swift */; };
		5353B8EB28F9A60B0090A62E /* GroupItemsCollectionViewCell.xib in Resources */ = {isa = PBXBuildFile; fileRef = 5353B8E928F9A60B0090A62E /* GroupItemsCollectionViewCell.xib */; };
		5353B8EE28F9A64E0090A62E /* ItemsTableViewCell.swift in Sources */ = {isa = PBXBuildFile; fileRef = 5353B8EC28F9A64E0090A62E /* ItemsTableViewCell.swift */; };
		5353B8EF28F9A64E0090A62E /* ItemsTableViewCell.xib in Resources */ = {isa = PBXBuildFile; fileRef = 5353B8ED28F9A64E0090A62E /* ItemsTableViewCell.xib */; };
		5353B8F328F9B3430090A62E /* AddGroupItemViewController.swift in Sources */ = {isa = PBXBuildFile; fileRef = 5353B8F228F9B3430090A62E /* AddGroupItemViewController.swift */; };
		535CA5C028F2AA2E007C2011 /* ImageManager.swift in Sources */ = {isa = PBXBuildFile; fileRef = 535CA5BF28F2AA2D007C2011 /* ImageManager.swift */; };
		535CA5C628F2C610007C2011 /* Extensions.swift in Sources */ = {isa = PBXBuildFile; fileRef = 535CA5C528F2C610007C2011 /* Extensions.swift */; };
		5366C51D2922C80F00E145AD /* GroupSettingsCellLogic.swift in Sources */ = {isa = PBXBuildFile; fileRef = 5366C51C2922C80F00E145AD /* GroupSettingsCellLogic.swift */; };
		5366C5202922DBC400E145AD /* AddParticipantCollectionViewCell.swift in Sources */ = {isa = PBXBuildFile; fileRef = 5366C51E2922DBC400E145AD /* AddParticipantCollectionViewCell.swift */; };
		5366C5212922DBC400E145AD /* AddParticipantCollectionViewCell.xib in Resources */ = {isa = PBXBuildFile; fileRef = 5366C51F2922DBC400E145AD /* AddParticipantCollectionViewCell.xib */; };
		5366C5242922E20900E145AD /* AddParticipantTableViewCell.swift in Sources */ = {isa = PBXBuildFile; fileRef = 5366C5222922E20900E145AD /* AddParticipantTableViewCell.swift */; };
		5366C5252922E20900E145AD /* AddParticipantTableViewCell.xib in Resources */ = {isa = PBXBuildFile; fileRef = 5366C5232922E20900E145AD /* AddParticipantTableViewCell.xib */; };
		53910E1929349738001B9AE7 /* DetailedItemViewController.swift in Sources */ = {isa = PBXBuildFile; fileRef = 53910E1829349738001B9AE7 /* DetailedItemViewController.swift */; };
		53910E1B2934A319001B9AE7 /* DetailedPersonalItemViewController.swift in Sources */ = {isa = PBXBuildFile; fileRef = 53910E1A2934A319001B9AE7 /* DetailedPersonalItemViewController.swift */; };
		53ACAD3D28F00ABA005C3579 /* NewItemViewController.swift in Sources */ = {isa = PBXBuildFile; fileRef = 53ACAD3C28F00ABA005C3579 /* NewItemViewController.swift */; };
		53ACAD3F28F00D70005C3579 /* PersonalItems.swift in Sources */ = {isa = PBXBuildFile; fileRef = 53ACAD3E28F00D70005C3579 /* PersonalItems.swift */; };
		53BA9A37292267A100FD2C5E /* EditProfileLogic.swift in Sources */ = {isa = PBXBuildFile; fileRef = 53BA9A36292267A100FD2C5E /* EditProfileLogic.swift */; };
		53BBEDF228FD5B59004EC47D /* GroupSettingsViewController.swift in Sources */ = {isa = PBXBuildFile; fileRef = 53BBEDF128FD5B59004EC47D /* GroupSettingsViewController.swift */; };
		53BCCDCE28F571BA003B32A4 /* Groups.swift in Sources */ = {isa = PBXBuildFile; fileRef = 53BCCDCD28F571BA003B32A4 /* Groups.swift */; };
		53BCCDD028F573DF003B32A4 /* AddGroupViewController.swift in Sources */ = {isa = PBXBuildFile; fileRef = 53BCCDCF28F573DF003B32A4 /* AddGroupViewController.swift */; };
		53BCCDD328F5DCD9003B32A4 /* NewGroupCollectionViewCell.swift in Sources */ = {isa = PBXBuildFile; fileRef = 53BCCDD128F5DCD9003B32A4 /* NewGroupCollectionViewCell.swift */; };
		53BCCDD428F5DCD9003B32A4 /* NewGroupCollectionViewCell.xib in Resources */ = {isa = PBXBuildFile; fileRef = 53BCCDD228F5DCD9003B32A4 /* NewGroupCollectionViewCell.xib */; };
		53BCCDD728F5EE5F003B32A4 /* UsersResultsTableViewCell.swift in Sources */ = {isa = PBXBuildFile; fileRef = 53BCCDD528F5EE5F003B32A4 /* UsersResultsTableViewCell.swift */; };
		53BCCDD828F5EE5F003B32A4 /* UsersResultsTableViewCell.xib in Resources */ = {isa = PBXBuildFile; fileRef = 53BCCDD628F5EE5F003B32A4 /* UsersResultsTableViewCell.xib */; };
		53BCCDDD28F5FC42003B32A4 /* GroupPaticipants.swift in Sources */ = {isa = PBXBuildFile; fileRef = 53BCCDDC28F5FC42003B32A4 /* GroupPaticipants.swift */; };
		53BCCDDF28F5FDE1003B32A4 /* GroupItems.swift in Sources */ = {isa = PBXBuildFile; fileRef = 53BCCDDE28F5FDE1003B32A4 /* GroupItems.swift */; };
		53BFB9C32923AFBA00FF4437 /* ConfirmGroupCollectionViewCell.swift in Sources */ = {isa = PBXBuildFile; fileRef = 53BFB9C12923AFBA00FF4437 /* ConfirmGroupCollectionViewCell.swift */; };
		53BFB9C42923AFBA00FF4437 /* ConfirmGroupCollectionViewCell.xib in Resources */ = {isa = PBXBuildFile; fileRef = 53BFB9C22923AFBA00FF4437 /* ConfirmGroupCollectionViewCell.xib */; };
		53C095F4291501D600D0E2AC /* RegisterLogic.swift in Sources */ = {isa = PBXBuildFile; fileRef = 53C095F3291501D500D0E2AC /* RegisterLogic.swift */; };
		53C095F62915126B00D0E2AC /* LoginLogic.swift in Sources */ = {isa = PBXBuildFile; fileRef = 53C095F52915126B00D0E2AC /* LoginLogic.swift */; };
		53C095F82915190200D0E2AC /* SettingsLogic.swift in Sources */ = {isa = PBXBuildFile; fileRef = 53C095F72915190200D0E2AC /* SettingsLogic.swift */; };
		53C095FB29154E9C00D0E2AC /* AllGroupsFireDBManager.swift in Sources */ = {isa = PBXBuildFile; fileRef = 53C095FA29154E9C00D0E2AC /* AllGroupsFireDBManager.swift */; };
		53C095FD2915505900D0E2AC /* AllGroupsFireDBLogic.swift in Sources */ = {isa = PBXBuildFile; fileRef = 53C095FC2915505900D0E2AC /* AllGroupsFireDBLogic.swift */; };
		53C096002915822500D0E2AC /* NewGroupFireDBLogic.swift in Sources */ = {isa = PBXBuildFile; fileRef = 53C095FF2915822500D0E2AC /* NewGroupFireDBLogic.swift */; };
		53C096022915830300D0E2AC /* NewGroupFireDBManager.swift in Sources */ = {isa = PBXBuildFile; fileRef = 53C096012915830300D0E2AC /* NewGroupFireDBManager.swift */; };
		53C09605291588DF00D0E2AC /* GroupItemsFireDBManager.swift in Sources */ = {isa = PBXBuildFile; fileRef = 53C09604291588DF00D0E2AC /* GroupItemsFireDBManager.swift */; };
		53C096072915898E00D0E2AC /* GroupItemsFireDBLogic.swift in Sources */ = {isa = PBXBuildFile; fileRef = 53C096062915898E00D0E2AC /* GroupItemsFireDBLogic.swift */; };
		53C0960A2915905B00D0E2AC /* GroupSettingsFireDBLogic.swift in Sources */ = {isa = PBXBuildFile; fileRef = 53C096092915905B00D0E2AC /* GroupSettingsFireDBLogic.swift */; };
		53C0960C291590DD00D0E2AC /* GroupSettingsFireDBManager.swift in Sources */ = {isa = PBXBuildFile; fileRef = 53C0960B291590DD00D0E2AC /* GroupSettingsFireDBManager.swift */; };
		53C0960F29159F6400D0E2AC /* LoginRegisterFireDBLogic.swift in Sources */ = {isa = PBXBuildFile; fileRef = 53C0960E29159F6400D0E2AC /* LoginRegisterFireDBLogic.swift */; };
		53C0961129159F8300D0E2AC /* LoginRegisterFireDBManager.swift in Sources */ = {isa = PBXBuildFile; fileRef = 53C0961029159F8300D0E2AC /* LoginRegisterFireDBManager.swift */; };
		53C096142915A66100D0E2AC /* CategoriesFireDBManager.swift in Sources */ = {isa = PBXBuildFile; fileRef = 53C096132915A66100D0E2AC /* CategoriesFireDBManager.swift */; };
		53C096172915A6EA00D0E2AC /* CategoriesFireDBLogic.swift in Sources */ = {isa = PBXBuildFile; fileRef = 53C096162915A6EA00D0E2AC /* CategoriesFireDBLogic.swift */; };
		53C0961A2915AF0D00D0E2AC /* PersonalItemsFireDBManager.swift in Sources */ = {isa = PBXBuildFile; fileRef = 53C096192915AF0D00D0E2AC /* PersonalItemsFireDBManager.swift */; };
		53C0961C2915AFA700D0E2AC /* PersonalItemFireDBLogic.swift in Sources */ = {isa = PBXBuildFile; fileRef = 53C0961B2915AFA700D0E2AC /* PersonalItemFireDBLogic.swift */; };
		53C6EE5E2907F9E2001A6667 /* CategoryLogic.swift in Sources */ = {isa = PBXBuildFile; fileRef = 53C6EE5D2907F9E2001A6667 /* CategoryLogic.swift */; };
		53C6EE6029080A31001A6667 /* ItemLogic.swift in Sources */ = {isa = PBXBuildFile; fileRef = 53C6EE5F29080A31001A6667 /* ItemLogic.swift */; };
		53C6EE62290828F3001A6667 /* AllGroupsLogic.swift in Sources */ = {isa = PBXBuildFile; fileRef = 53C6EE61290828F3001A6667 /* AllGroupsLogic.swift */; };
		53C6EE6929082F78001A6667 /* NewCategoryLogic.swift in Sources */ = {isa = PBXBuildFile; fileRef = 53C6EE6829082F78001A6667 /* NewCategoryLogic.swift */; };
		53C6EE7029083544001A6667 /* NewItemLogic.swift in Sources */ = {isa = PBXBuildFile; fileRef = 53C6EE6F29083544001A6667 /* NewItemLogic.swift */; };
		53C7A9BB291D171A001E3E32 /* HighPriorityTasksViewController.swift in Sources */ = {isa = PBXBuildFile; fileRef = 53C7A9BA291D171A001E3E32 /* HighPriorityTasksViewController.swift */; };
		53C9199F290ED1EE006FA541 /* NewGroupItemLogic.swift in Sources */ = {isa = PBXBuildFile; fileRef = 53C9199E290ED1EE006FA541 /* NewGroupItemLogic.swift */; };
		53C919A1290ED20E006FA541 /* GroupItemsLogic.swift in Sources */ = {isa = PBXBuildFile; fileRef = 53C919A0290ED20E006FA541 /* GroupItemsLogic.swift */; };
		53C919A3290F185A006FA541 /* GroupSettingLogic.swift in Sources */ = {isa = PBXBuildFile; fileRef = 53C919A2290F185A006FA541 /* GroupSettingLogic.swift */; };
		53C954EC2922450600648B2A /* EditProfileViewController.swift in Sources */ = {isa = PBXBuildFile; fileRef = 53C954EB2922450600648B2A /* EditProfileViewController.swift */; };
		53C954EE29225F6700648B2A /* EditProfileDBManager.swift in Sources */ = {isa = PBXBuildFile; fileRef = 53C954ED29225F6700648B2A /* EditProfileDBManager.swift */; };
		53CFDF51290089F9005C72C4 /* MainNavigationController.swift in Sources */ = {isa = PBXBuildFile; fileRef = 53CFDF50290089F9005C72C4 /* MainNavigationController.swift */; };
		53ED5E15291D32B300EB998C /* HighPriorityTasksTableViewCell.swift in Sources */ = {isa = PBXBuildFile; fileRef = 53ED5E13291D32B300EB998C /* HighPriorityTasksTableViewCell.swift */; };
		53ED5E16291D32B300EB998C /* HighPriorityTasksTableViewCell.xib in Resources */ = {isa = PBXBuildFile; fileRef = 53ED5E14291D32B300EB998C /* HighPriorityTasksTableViewCell.xib */; };
		53ED5E1B291D562F00EB998C /* HighPriorityObject.swift in Sources */ = {isa = PBXBuildFile; fileRef = 53ED5E1A291D562F00EB998C /* HighPriorityObject.swift */; };
		53ED5E1D291D568A00EB998C /* HighPriorityTaskLogic.swift in Sources */ = {isa = PBXBuildFile; fileRef = 53ED5E1C291D568A00EB998C /* HighPriorityTaskLogic.swift */; };
		53ED5E20291D5B3C00EB998C /* CreatedByMeViewController.swift in Sources */ = {isa = PBXBuildFile; fileRef = 53ED5E1F291D5B3C00EB998C /* CreatedByMeViewController.swift */; };
		53ED5E23291D5C1100EB998C /* CreatedByMeTableViewCell.swift in Sources */ = {isa = PBXBuildFile; fileRef = 53ED5E21291D5C1100EB998C /* CreatedByMeTableViewCell.swift */; };
		53ED5E24291D5C1100EB998C /* CreatedByMeTableViewCell.xib in Resources */ = {isa = PBXBuildFile; fileRef = 53ED5E22291D5C1100EB998C /* CreatedByMeTableViewCell.xib */; };
		53ED5E26291D623500EB998C /* CreatedByMeLogic.swift in Sources */ = {isa = PBXBuildFile; fileRef = 53ED5E25291D623500EB998C /* CreatedByMeLogic.swift */; };
		53ED5E2B291DABF000EB998C /* CreatedByMeObject.swift in Sources */ = {isa = PBXBuildFile; fileRef = 53ED5E2A291DABF000EB998C /* CreatedByMeObject.swift */; };
		53ED5E2E291DAC7600EB998C /* CompletedTasksViewController.swift in Sources */ = {isa = PBXBuildFile; fileRef = 53ED5E2D291DAC7600EB998C /* CompletedTasksViewController.swift */; };
		53ED5E31291DACD800EB998C /* CompletedTasksTableViewCell.swift in Sources */ = {isa = PBXBuildFile; fileRef = 53ED5E2F291DACD800EB998C /* CompletedTasksTableViewCell.swift */; };
		53ED5E32291DACD800EB998C /* CompletedTasksTableViewCell.xib in Resources */ = {isa = PBXBuildFile; fileRef = 53ED5E30291DACD800EB998C /* CompletedTasksTableViewCell.xib */; };
		53ED5E37291DAD6200EB998C /* CompletedTasksObject.swift in Sources */ = {isa = PBXBuildFile; fileRef = 53ED5E36291DAD6200EB998C /* CompletedTasksObject.swift */; };
		53ED5E39291DAD7F00EB998C /* CompletedTasksLogic.swift in Sources */ = {isa = PBXBuildFile; fileRef = 53ED5E38291DAD7F00EB998C /* CompletedTasksLogic.swift */; };
		53F371FA29142C5000CC9BFA /* GroupItemsTableViewCell.swift in Sources */ = {isa = PBXBuildFile; fileRef = 53F371F829142C5000CC9BFA /* GroupItemsTableViewCell.swift */; };
		53F371FB29142C5000CC9BFA /* GroupItemsTableViewCell.xib in Resources */ = {isa = PBXBuildFile; fileRef = 53F371F929142C5000CC9BFA /* GroupItemsTableViewCell.xib */; };
		53F371FD2914426200CC9BFA /* GroupItemsTableViewLogic.swift in Sources */ = {isa = PBXBuildFile; fileRef = 53F371FC2914426200CC9BFA /* GroupItemsTableViewLogic.swift */; };
		53FD6C0028EEF13200D2C50D /* AppDelegate.swift in Sources */ = {isa = PBXBuildFile; fileRef = 53FD6BFF28EEF13200D2C50D /* AppDelegate.swift */; };
		53FD6C0228EEF13200D2C50D /* SceneDelegate.swift in Sources */ = {isa = PBXBuildFile; fileRef = 53FD6C0128EEF13200D2C50D /* SceneDelegate.swift */; };
		53FD6C0428EEF13200D2C50D /* PersonalCategoriesViewController.swift in Sources */ = {isa = PBXBuildFile; fileRef = 53FD6C0328EEF13200D2C50D /* PersonalCategoriesViewController.swift */; };
		53FD6C0728EEF13200D2C50D /* Main.storyboard in Resources */ = {isa = PBXBuildFile; fileRef = 53FD6C0528EEF13200D2C50D /* Main.storyboard */; };
		53FD6C0928EEF13300D2C50D /* Assets.xcassets in Resources */ = {isa = PBXBuildFile; fileRef = 53FD6C0828EEF13300D2C50D /* Assets.xcassets */; };
		53FD6C0C28EEF13300D2C50D /* LaunchScreen.storyboard in Resources */ = {isa = PBXBuildFile; fileRef = 53FD6C0A28EEF13300D2C50D /* LaunchScreen.storyboard */; };
		FF5817712A64126B008199C6 /* Realm in Frameworks */ = {isa = PBXBuildFile; productRef = FF5817702A64126B008199C6 /* Realm */; };
		FF5817732A64126B008199C6 /* RealmSwift in Frameworks */ = {isa = PBXBuildFile; productRef = FF5817722A64126B008199C6 /* RealmSwift */; };
		FF5817762A6412FE008199C6 /* FirebaseAuth in Frameworks */ = {isa = PBXBuildFile; productRef = FF5817752A6412FE008199C6 /* FirebaseAuth */; };
		FF5817782A6412FE008199C6 /* FirebaseDatabase in Frameworks */ = {isa = PBXBuildFile; productRef = FF5817772A6412FE008199C6 /* FirebaseDatabase */; };
		FF58177A2A6412FE008199C6 /* FirebaseMessaging in Frameworks */ = {isa = PBXBuildFile; productRef = FF5817792A6412FE008199C6 /* FirebaseMessaging */; };
		FF58177C2A6412FE008199C6 /* FirebaseStorage in Frameworks */ = {isa = PBXBuildFile; productRef = FF58177B2A6412FE008199C6 /* FirebaseStorage */; };
		FF58177F2A641336008199C6 /* JGProgressHUD in Frameworks */ = {isa = PBXBuildFile; productRef = FF58177E2A641336008199C6 /* JGProgressHUD */; };
		FF5817822A64137C008199C6 /* SDWebImage in Frameworks */ = {isa = PBXBuildFile; productRef = FF5817812A64137C008199C6 /* SDWebImage */; };
		FF5817852A641390008199C6 /* TextFieldEffects in Frameworks */ = {isa = PBXBuildFile; productRef = FF5817842A641390008199C6 /* TextFieldEffects */; };
/* End PBXBuildFile section */

/* Begin PBXCopyFilesBuildPhase section */
		53B34130292E7398001AEB40 /* Embed Foundation Extensions */ = {
			isa = PBXCopyFilesBuildPhase;
			buildActionMask = 2147483647;
			dstPath = "";
			dstSubfolderSpec = 13;
			files = (
			);
			name = "Embed Foundation Extensions";
			runOnlyForDeploymentPostprocessing = 0;
		};
/* End PBXCopyFilesBuildPhase section */

/* Begin PBXFileReference section */
		5302AC3928FD5CD7004287CF /* GroupSettingsTableViewCell.swift */ = {isa = PBXFileReference; lastKnownFileType = sourcecode.swift; path = GroupSettingsTableViewCell.swift; sourceTree = "<group>"; };
		5302AC3A28FD5CD7004287CF /* GroupSettingsTableViewCell.xib */ = {isa = PBXFileReference; lastKnownFileType = file.xib; path = GroupSettingsTableViewCell.xib; sourceTree = "<group>"; };
		5302AC3D28FDD1E3004287CF /* AddParticipantViewController.swift */ = {isa = PBXFileReference; lastKnownFileType = sourcecode.swift; path = AddParticipantViewController.swift; sourceTree = "<group>"; };
		532534CE291AED8700EAB1E7 /* CategoriesTableViewCell.swift */ = {isa = PBXFileReference; lastKnownFileType = sourcecode.swift; path = CategoriesTableViewCell.swift; sourceTree = "<group>"; };
		532534CF291AED8700EAB1E7 /* CategoriesTableViewCell.xib */ = {isa = PBXFileReference; lastKnownFileType = file.xib; path = CategoriesTableViewCell.xib; sourceTree = "<group>"; };
		5328A71029091E170001B9DD /* ItemsTableViewLogic.swift */ = {isa = PBXFileReference; lastKnownFileType = sourcecode.swift; path = ItemsTableViewLogic.swift; sourceTree = "<group>"; };
		5328A712290941690001B9DD /* AddGroupLogic.swift */ = {isa = PBXFileReference; lastKnownFileType = sourcecode.swift; path = AddGroupLogic.swift; sourceTree = "<group>"; };
		5328A71429094D170001B9DD /* ConfirmGroupLogic.swift */ = {isa = PBXFileReference; lastKnownFileType = sourcecode.swift; path = ConfirmGroupLogic.swift; sourceTree = "<group>"; };
		533189EB2912ACA1002BEEE1 /* AddParticipantLogic.swift */ = {isa = PBXFileReference; lastKnownFileType = sourcecode.swift; path = AddParticipantLogic.swift; sourceTree = "<group>"; };
		5341BE6228F04DF100253761 /* GoogleService-Info.plist */ = {isa = PBXFileReference; fileEncoding = 4; lastKnownFileType = text.plist.xml; path = "GoogleService-Info.plist"; sourceTree = "<group>"; };
		5341BE6428F0545D00253761 /* GroupsViewController.swift */ = {isa = PBXFileReference; lastKnownFileType = sourcecode.swift; path = GroupsViewController.swift; sourceTree = "<group>"; };
		5341BE6628F0719800253761 /* LoginViewController.swift */ = {isa = PBXFileReference; lastKnownFileType = sourcecode.swift; path = LoginViewController.swift; sourceTree = "<group>"; };
		5341BE6828F0721400253761 /* RegisterViewController.swift */ = {isa = PBXFileReference; lastKnownFileType = sourcecode.swift; path = RegisterViewController.swift; sourceTree = "<group>"; };
		5341BE6A28F07BBE00253761 /* SettingsViewController.swift */ = {isa = PBXFileReference; lastKnownFileType = sourcecode.swift; path = SettingsViewController.swift; sourceTree = "<group>"; };
		5341BE7328F09B9000253761 /* FireStoreManager.swift */ = {isa = PBXFileReference; lastKnownFileType = sourcecode.swift; path = FireStoreManager.swift; sourceTree = "<group>"; };
		5341BE7528F09EF100253761 /* RealmUser.swift */ = {isa = PBXFileReference; lastKnownFileType = sourcecode.swift; path = RealmUser.swift; sourceTree = "<group>"; };
		5345884028F7F3F800C26C27 /* ConfirmGroupViewController.swift */ = {isa = PBXFileReference; lastKnownFileType = sourcecode.swift; path = ConfirmGroupViewController.swift; sourceTree = "<group>"; };
		5345884628F8469A00C26C27 /* GroupsTableViewCell.swift */ = {isa = PBXFileReference; lastKnownFileType = sourcecode.swift; path = GroupsTableViewCell.swift; sourceTree = "<group>"; };
		5345884728F8469A00C26C27 /* GroupsTableViewCell.xib */ = {isa = PBXFileReference; lastKnownFileType = file.xib; path = GroupsTableViewCell.xib; sourceTree = "<group>"; };
		5349598C292D34800077490E /* PushNotificationSender.swift */ = {isa = PBXFileReference; lastKnownFileType = sourcecode.swift; path = PushNotificationSender.swift; sourceTree = "<group>"; };
		5349598E292D41F10077490E /* PushNotificationManager.swift */ = {isa = PBXFileReference; lastKnownFileType = sourcecode.swift; path = PushNotificationManager.swift; sourceTree = "<group>"; };
		534B6B2828EF07CD006EF12A /* NewCategoryViewController.swift */ = {isa = PBXFileReference; lastKnownFileType = sourcecode.swift; path = NewCategoryViewController.swift; sourceTree = "<group>"; };
		534B6B2A28EF3C6B006EF12A /* PersonalCategories.swift */ = {isa = PBXFileReference; lastKnownFileType = sourcecode.swift; path = PersonalCategories.swift; sourceTree = "<group>"; };
		534B6B2C28EF4F10006EF12A /* PersonalItemsViewController.swift */ = {isa = PBXFileReference; lastKnownFileType = sourcecode.swift; path = PersonalItemsViewController.swift; sourceTree = "<group>"; };
		5353B8E228F993E90090A62E /* GroupsItemsViewController.swift */ = {isa = PBXFileReference; lastKnownFileType = sourcecode.swift; path = GroupsItemsViewController.swift; sourceTree = "<group>"; };
		5353B8E828F9A60B0090A62E /* GroupItemsCollectionViewCell.swift */ = {isa = PBXFileReference; lastKnownFileType = sourcecode.swift; path = GroupItemsCollectionViewCell.swift; sourceTree = "<group>"; };
		5353B8E928F9A60B0090A62E /* GroupItemsCollectionViewCell.xib */ = {isa = PBXFileReference; lastKnownFileType = file.xib; path = GroupItemsCollectionViewCell.xib; sourceTree = "<group>"; };
		5353B8EC28F9A64E0090A62E /* ItemsTableViewCell.swift */ = {isa = PBXFileReference; lastKnownFileType = sourcecode.swift; path = ItemsTableViewCell.swift; sourceTree = "<group>"; };
		5353B8ED28F9A64E0090A62E /* ItemsTableViewCell.xib */ = {isa = PBXFileReference; lastKnownFileType = file.xib; path = ItemsTableViewCell.xib; sourceTree = "<group>"; };
		5353B8F228F9B3430090A62E /* AddGroupItemViewController.swift */ = {isa = PBXFileReference; lastKnownFileType = sourcecode.swift; path = AddGroupItemViewController.swift; sourceTree = "<group>"; };
		535CA5BF28F2AA2D007C2011 /* ImageManager.swift */ = {isa = PBXFileReference; lastKnownFileType = sourcecode.swift; path = ImageManager.swift; sourceTree = "<group>"; };
		535CA5C528F2C610007C2011 /* Extensions.swift */ = {isa = PBXFileReference; lastKnownFileType = sourcecode.swift; path = Extensions.swift; sourceTree = "<group>"; };
		5366C51C2922C80F00E145AD /* GroupSettingsCellLogic.swift */ = {isa = PBXFileReference; lastKnownFileType = sourcecode.swift; path = GroupSettingsCellLogic.swift; sourceTree = "<group>"; };
		5366C51E2922DBC400E145AD /* AddParticipantCollectionViewCell.swift */ = {isa = PBXFileReference; lastKnownFileType = sourcecode.swift; path = AddParticipantCollectionViewCell.swift; sourceTree = "<group>"; };
		5366C51F2922DBC400E145AD /* AddParticipantCollectionViewCell.xib */ = {isa = PBXFileReference; lastKnownFileType = file.xib; path = AddParticipantCollectionViewCell.xib; sourceTree = "<group>"; };
		5366C5222922E20900E145AD /* AddParticipantTableViewCell.swift */ = {isa = PBXFileReference; lastKnownFileType = sourcecode.swift; path = AddParticipantTableViewCell.swift; sourceTree = "<group>"; };
		5366C5232922E20900E145AD /* AddParticipantTableViewCell.xib */ = {isa = PBXFileReference; lastKnownFileType = file.xib; path = AddParticipantTableViewCell.xib; sourceTree = "<group>"; };
		536F6F33292BE3FA006E7CFB /* Group Task.entitlements */ = {isa = PBXFileReference; lastKnownFileType = text.plist.entitlements; path = "Group Task.entitlements"; sourceTree = "<group>"; };
		53910E1829349738001B9AE7 /* DetailedItemViewController.swift */ = {isa = PBXFileReference; lastKnownFileType = sourcecode.swift; path = DetailedItemViewController.swift; sourceTree = "<group>"; };
		53910E1A2934A319001B9AE7 /* DetailedPersonalItemViewController.swift */ = {isa = PBXFileReference; lastKnownFileType = sourcecode.swift; path = DetailedPersonalItemViewController.swift; sourceTree = "<group>"; };
		53ACAD3C28F00ABA005C3579 /* NewItemViewController.swift */ = {isa = PBXFileReference; lastKnownFileType = sourcecode.swift; path = NewItemViewController.swift; sourceTree = "<group>"; };
		53ACAD3E28F00D70005C3579 /* PersonalItems.swift */ = {isa = PBXFileReference; lastKnownFileType = sourcecode.swift; path = PersonalItems.swift; sourceTree = "<group>"; };
		53BA9A36292267A100FD2C5E /* EditProfileLogic.swift */ = {isa = PBXFileReference; lastKnownFileType = sourcecode.swift; path = EditProfileLogic.swift; sourceTree = "<group>"; };
		53BBEDF128FD5B59004EC47D /* GroupSettingsViewController.swift */ = {isa = PBXFileReference; lastKnownFileType = sourcecode.swift; path = GroupSettingsViewController.swift; sourceTree = "<group>"; };
		53BCCDCD28F571BA003B32A4 /* Groups.swift */ = {isa = PBXFileReference; lastKnownFileType = sourcecode.swift; path = Groups.swift; sourceTree = "<group>"; };
		53BCCDCF28F573DF003B32A4 /* AddGroupViewController.swift */ = {isa = PBXFileReference; lastKnownFileType = sourcecode.swift; path = AddGroupViewController.swift; sourceTree = "<group>"; };
		53BCCDD128F5DCD9003B32A4 /* NewGroupCollectionViewCell.swift */ = {isa = PBXFileReference; lastKnownFileType = sourcecode.swift; path = NewGroupCollectionViewCell.swift; sourceTree = "<group>"; };
		53BCCDD228F5DCD9003B32A4 /* NewGroupCollectionViewCell.xib */ = {isa = PBXFileReference; lastKnownFileType = file.xib; path = NewGroupCollectionViewCell.xib; sourceTree = "<group>"; };
		53BCCDD528F5EE5F003B32A4 /* UsersResultsTableViewCell.swift */ = {isa = PBXFileReference; lastKnownFileType = sourcecode.swift; path = UsersResultsTableViewCell.swift; sourceTree = "<group>"; };
		53BCCDD628F5EE5F003B32A4 /* UsersResultsTableViewCell.xib */ = {isa = PBXFileReference; lastKnownFileType = file.xib; path = UsersResultsTableViewCell.xib; sourceTree = "<group>"; };
		53BCCDDC28F5FC42003B32A4 /* GroupPaticipants.swift */ = {isa = PBXFileReference; lastKnownFileType = sourcecode.swift; path = GroupPaticipants.swift; sourceTree = "<group>"; };
		53BCCDDE28F5FDE1003B32A4 /* GroupItems.swift */ = {isa = PBXFileReference; lastKnownFileType = sourcecode.swift; path = GroupItems.swift; sourceTree = "<group>"; };
		53BFB9C12923AFBA00FF4437 /* ConfirmGroupCollectionViewCell.swift */ = {isa = PBXFileReference; lastKnownFileType = sourcecode.swift; path = ConfirmGroupCollectionViewCell.swift; sourceTree = "<group>"; };
		53BFB9C22923AFBA00FF4437 /* ConfirmGroupCollectionViewCell.xib */ = {isa = PBXFileReference; lastKnownFileType = file.xib; path = ConfirmGroupCollectionViewCell.xib; sourceTree = "<group>"; };
		53C095F3291501D500D0E2AC /* RegisterLogic.swift */ = {isa = PBXFileReference; lastKnownFileType = sourcecode.swift; path = RegisterLogic.swift; sourceTree = "<group>"; };
		53C095F52915126B00D0E2AC /* LoginLogic.swift */ = {isa = PBXFileReference; lastKnownFileType = sourcecode.swift; path = LoginLogic.swift; sourceTree = "<group>"; };
		53C095F72915190200D0E2AC /* SettingsLogic.swift */ = {isa = PBXFileReference; lastKnownFileType = sourcecode.swift; path = SettingsLogic.swift; sourceTree = "<group>"; };
		53C095FA29154E9C00D0E2AC /* AllGroupsFireDBManager.swift */ = {isa = PBXFileReference; lastKnownFileType = sourcecode.swift; path = AllGroupsFireDBManager.swift; sourceTree = "<group>"; };
		53C095FC2915505900D0E2AC /* AllGroupsFireDBLogic.swift */ = {isa = PBXFileReference; lastKnownFileType = sourcecode.swift; path = AllGroupsFireDBLogic.swift; sourceTree = "<group>"; };
		53C095FF2915822500D0E2AC /* NewGroupFireDBLogic.swift */ = {isa = PBXFileReference; lastKnownFileType = sourcecode.swift; path = NewGroupFireDBLogic.swift; sourceTree = "<group>"; };
		53C096012915830300D0E2AC /* NewGroupFireDBManager.swift */ = {isa = PBXFileReference; lastKnownFileType = sourcecode.swift; path = NewGroupFireDBManager.swift; sourceTree = "<group>"; };
		53C09604291588DF00D0E2AC /* GroupItemsFireDBManager.swift */ = {isa = PBXFileReference; lastKnownFileType = sourcecode.swift; path = GroupItemsFireDBManager.swift; sourceTree = "<group>"; };
		53C096062915898E00D0E2AC /* GroupItemsFireDBLogic.swift */ = {isa = PBXFileReference; lastKnownFileType = sourcecode.swift; path = GroupItemsFireDBLogic.swift; sourceTree = "<group>"; };
		53C096092915905B00D0E2AC /* GroupSettingsFireDBLogic.swift */ = {isa = PBXFileReference; lastKnownFileType = sourcecode.swift; path = GroupSettingsFireDBLogic.swift; sourceTree = "<group>"; };
		53C0960B291590DD00D0E2AC /* GroupSettingsFireDBManager.swift */ = {isa = PBXFileReference; lastKnownFileType = sourcecode.swift; path = GroupSettingsFireDBManager.swift; sourceTree = "<group>"; };
		53C0960E29159F6400D0E2AC /* LoginRegisterFireDBLogic.swift */ = {isa = PBXFileReference; lastKnownFileType = sourcecode.swift; path = LoginRegisterFireDBLogic.swift; sourceTree = "<group>"; };
		53C0961029159F8300D0E2AC /* LoginRegisterFireDBManager.swift */ = {isa = PBXFileReference; lastKnownFileType = sourcecode.swift; path = LoginRegisterFireDBManager.swift; sourceTree = "<group>"; };
		53C096132915A66100D0E2AC /* CategoriesFireDBManager.swift */ = {isa = PBXFileReference; lastKnownFileType = sourcecode.swift; path = CategoriesFireDBManager.swift; sourceTree = "<group>"; };
		53C096162915A6EA00D0E2AC /* CategoriesFireDBLogic.swift */ = {isa = PBXFileReference; lastKnownFileType = sourcecode.swift; path = CategoriesFireDBLogic.swift; sourceTree = "<group>"; };
		53C096192915AF0D00D0E2AC /* PersonalItemsFireDBManager.swift */ = {isa = PBXFileReference; lastKnownFileType = sourcecode.swift; path = PersonalItemsFireDBManager.swift; sourceTree = "<group>"; };
		53C0961B2915AFA700D0E2AC /* PersonalItemFireDBLogic.swift */ = {isa = PBXFileReference; lastKnownFileType = sourcecode.swift; path = PersonalItemFireDBLogic.swift; sourceTree = "<group>"; };
		53C6EE5D2907F9E2001A6667 /* CategoryLogic.swift */ = {isa = PBXFileReference; lastKnownFileType = sourcecode.swift; path = CategoryLogic.swift; sourceTree = "<group>"; };
		53C6EE5F29080A31001A6667 /* ItemLogic.swift */ = {isa = PBXFileReference; lastKnownFileType = sourcecode.swift; path = ItemLogic.swift; sourceTree = "<group>"; };
		53C6EE61290828F3001A6667 /* AllGroupsLogic.swift */ = {isa = PBXFileReference; lastKnownFileType = sourcecode.swift; path = AllGroupsLogic.swift; sourceTree = "<group>"; };
		53C6EE6829082F78001A6667 /* NewCategoryLogic.swift */ = {isa = PBXFileReference; lastKnownFileType = sourcecode.swift; path = NewCategoryLogic.swift; sourceTree = "<group>"; };
		53C6EE6F29083544001A6667 /* NewItemLogic.swift */ = {isa = PBXFileReference; lastKnownFileType = sourcecode.swift; path = NewItemLogic.swift; sourceTree = "<group>"; };
		53C7A9BA291D171A001E3E32 /* HighPriorityTasksViewController.swift */ = {isa = PBXFileReference; lastKnownFileType = sourcecode.swift; path = HighPriorityTasksViewController.swift; sourceTree = "<group>"; };
		53C9199E290ED1EE006FA541 /* NewGroupItemLogic.swift */ = {isa = PBXFileReference; lastKnownFileType = sourcecode.swift; path = NewGroupItemLogic.swift; sourceTree = "<group>"; };
		53C919A0290ED20E006FA541 /* GroupItemsLogic.swift */ = {isa = PBXFileReference; lastKnownFileType = sourcecode.swift; path = GroupItemsLogic.swift; sourceTree = "<group>"; };
		53C919A2290F185A006FA541 /* GroupSettingLogic.swift */ = {isa = PBXFileReference; lastKnownFileType = sourcecode.swift; path = GroupSettingLogic.swift; sourceTree = "<group>"; };
		53C954EB2922450600648B2A /* EditProfileViewController.swift */ = {isa = PBXFileReference; lastKnownFileType = sourcecode.swift; path = EditProfileViewController.swift; sourceTree = "<group>"; };
		53C954ED29225F6700648B2A /* EditProfileDBManager.swift */ = {isa = PBXFileReference; lastKnownFileType = sourcecode.swift; path = EditProfileDBManager.swift; sourceTree = "<group>"; };
		53CFDF50290089F9005C72C4 /* MainNavigationController.swift */ = {isa = PBXFileReference; lastKnownFileType = sourcecode.swift; path = MainNavigationController.swift; sourceTree = "<group>"; };
		53ED5E13291D32B300EB998C /* HighPriorityTasksTableViewCell.swift */ = {isa = PBXFileReference; lastKnownFileType = sourcecode.swift; path = HighPriorityTasksTableViewCell.swift; sourceTree = "<group>"; };
		53ED5E14291D32B300EB998C /* HighPriorityTasksTableViewCell.xib */ = {isa = PBXFileReference; lastKnownFileType = file.xib; path = HighPriorityTasksTableViewCell.xib; sourceTree = "<group>"; };
		53ED5E1A291D562F00EB998C /* HighPriorityObject.swift */ = {isa = PBXFileReference; lastKnownFileType = sourcecode.swift; path = HighPriorityObject.swift; sourceTree = "<group>"; };
		53ED5E1C291D568A00EB998C /* HighPriorityTaskLogic.swift */ = {isa = PBXFileReference; lastKnownFileType = sourcecode.swift; path = HighPriorityTaskLogic.swift; sourceTree = "<group>"; };
		53ED5E1F291D5B3C00EB998C /* CreatedByMeViewController.swift */ = {isa = PBXFileReference; lastKnownFileType = sourcecode.swift; path = CreatedByMeViewController.swift; sourceTree = "<group>"; };
		53ED5E21291D5C1100EB998C /* CreatedByMeTableViewCell.swift */ = {isa = PBXFileReference; lastKnownFileType = sourcecode.swift; path = CreatedByMeTableViewCell.swift; sourceTree = "<group>"; };
		53ED5E22291D5C1100EB998C /* CreatedByMeTableViewCell.xib */ = {isa = PBXFileReference; lastKnownFileType = file.xib; path = CreatedByMeTableViewCell.xib; sourceTree = "<group>"; };
		53ED5E25291D623500EB998C /* CreatedByMeLogic.swift */ = {isa = PBXFileReference; lastKnownFileType = sourcecode.swift; path = CreatedByMeLogic.swift; sourceTree = "<group>"; };
		53ED5E2A291DABF000EB998C /* CreatedByMeObject.swift */ = {isa = PBXFileReference; lastKnownFileType = sourcecode.swift; path = CreatedByMeObject.swift; sourceTree = "<group>"; };
		53ED5E2D291DAC7600EB998C /* CompletedTasksViewController.swift */ = {isa = PBXFileReference; lastKnownFileType = sourcecode.swift; path = CompletedTasksViewController.swift; sourceTree = "<group>"; };
		53ED5E2F291DACD800EB998C /* CompletedTasksTableViewCell.swift */ = {isa = PBXFileReference; lastKnownFileType = sourcecode.swift; path = CompletedTasksTableViewCell.swift; sourceTree = "<group>"; };
		53ED5E30291DACD800EB998C /* CompletedTasksTableViewCell.xib */ = {isa = PBXFileReference; lastKnownFileType = file.xib; path = CompletedTasksTableViewCell.xib; sourceTree = "<group>"; };
		53ED5E36291DAD6200EB998C /* CompletedTasksObject.swift */ = {isa = PBXFileReference; lastKnownFileType = sourcecode.swift; path = CompletedTasksObject.swift; sourceTree = "<group>"; };
		53ED5E38291DAD7F00EB998C /* CompletedTasksLogic.swift */ = {isa = PBXFileReference; lastKnownFileType = sourcecode.swift; path = CompletedTasksLogic.swift; sourceTree = "<group>"; };
		53F371F829142C5000CC9BFA /* GroupItemsTableViewCell.swift */ = {isa = PBXFileReference; lastKnownFileType = sourcecode.swift; path = GroupItemsTableViewCell.swift; sourceTree = "<group>"; };
		53F371F929142C5000CC9BFA /* GroupItemsTableViewCell.xib */ = {isa = PBXFileReference; lastKnownFileType = file.xib; path = GroupItemsTableViewCell.xib; sourceTree = "<group>"; };
		53F371FC2914426200CC9BFA /* GroupItemsTableViewLogic.swift */ = {isa = PBXFileReference; lastKnownFileType = sourcecode.swift; path = GroupItemsTableViewLogic.swift; sourceTree = "<group>"; };
		53FD6BFC28EEF13200D2C50D /* Group Task.app */ = {isa = PBXFileReference; explicitFileType = wrapper.application; includeInIndex = 0; path = "Group Task.app"; sourceTree = BUILT_PRODUCTS_DIR; };
		53FD6BFF28EEF13200D2C50D /* AppDelegate.swift */ = {isa = PBXFileReference; lastKnownFileType = sourcecode.swift; path = AppDelegate.swift; sourceTree = "<group>"; };
		53FD6C0128EEF13200D2C50D /* SceneDelegate.swift */ = {isa = PBXFileReference; lastKnownFileType = sourcecode.swift; path = SceneDelegate.swift; sourceTree = "<group>"; };
		53FD6C0328EEF13200D2C50D /* PersonalCategoriesViewController.swift */ = {isa = PBXFileReference; lastKnownFileType = sourcecode.swift; path = PersonalCategoriesViewController.swift; sourceTree = "<group>"; };
		53FD6C0628EEF13200D2C50D /* Base */ = {isa = PBXFileReference; lastKnownFileType = file.storyboard; name = Base; path = Base.lproj/Main.storyboard; sourceTree = "<group>"; };
		53FD6C0828EEF13300D2C50D /* Assets.xcassets */ = {isa = PBXFileReference; lastKnownFileType = folder.assetcatalog; path = Assets.xcassets; sourceTree = "<group>"; };
		53FD6C0B28EEF13300D2C50D /* Base */ = {isa = PBXFileReference; lastKnownFileType = file.storyboard; name = Base; path = Base.lproj/LaunchScreen.storyboard; sourceTree = "<group>"; };
		53FD6C0D28EEF13300D2C50D /* Info.plist */ = {isa = PBXFileReference; lastKnownFileType = text.plist.xml; path = Info.plist; sourceTree = "<group>"; };
/* End PBXFileReference section */

/* Begin PBXFrameworksBuildPhase section */
		53FD6BF928EEF13200D2C50D /* Frameworks */ = {
			isa = PBXFrameworksBuildPhase;
			buildActionMask = 2147483647;
			files = (
				FF5817732A64126B008199C6 /* RealmSwift in Frameworks */,
				FF58177F2A641336008199C6 /* JGProgressHUD in Frameworks */,
				FF5817822A64137C008199C6 /* SDWebImage in Frameworks */,
				FF5817852A641390008199C6 /* TextFieldEffects in Frameworks */,
				FF5817762A6412FE008199C6 /* FirebaseAuth in Frameworks */,
				FF58177A2A6412FE008199C6 /* FirebaseMessaging in Frameworks */,
				FF5817782A6412FE008199C6 /* FirebaseDatabase in Frameworks */,
				FF5817712A64126B008199C6 /* Realm in Frameworks */,
				FF58177C2A6412FE008199C6 /* FirebaseStorage in Frameworks */,
			);
			runOnlyForDeploymentPostprocessing = 0;
		};
/* End PBXFrameworksBuildPhase section */

/* Begin PBXGroup section */
		5353B8F628F9B4190090A62E /* Categories */ = {
			isa = PBXGroup;
			children = (
				53C6EE3E2907EDDC001A6667 /* Model */,
				53C6EE3F2907EDEC001A6667 /* View */,
				53C6EE3D2907EDC1001A6667 /* Controller */,
				53C096122915A60E00D0E2AC /* Services */,
			);
			path = Categories;
			sourceTree = "<group>";
		};
		5353B8F728F9B4380090A62E /* Items */ = {
			isa = PBXGroup;
			children = (
				53C6EE422907EE97001A6667 /* Model */,
				53C6EE412907EE76001A6667 /* View */,
				53C6EE402907EE28001A6667 /* Controller */,
				53C096182915AD6300D0E2AC /* Services */,
			);
			path = Items;
			sourceTree = "<group>";
		};
		53BA9A322922674D00FD2C5E /* Model */ = {
			isa = PBXGroup;
			children = (
				53BA9A36292267A100FD2C5E /* EditProfileLogic.swift */,
			);
			path = Model;
			sourceTree = "<group>";
		};
		53BA9A332922675800FD2C5E /* Services */ = {
			isa = PBXGroup;
			children = (
				53C954ED29225F6700648B2A /* EditProfileDBManager.swift */,
			);
			path = Services;
			sourceTree = "<group>";
		};
		53BA9A352922676800FD2C5E /* Controller */ = {
			isa = PBXGroup;
			children = (
				53C954EB2922450600648B2A /* EditProfileViewController.swift */,
			);
			path = Controller;
			sourceTree = "<group>";
		};
		53BCCDDB28F5FB54003B32A4 /* Group */ = {
			isa = PBXGroup;
			children = (
				53BCCDCD28F571BA003B32A4 /* Groups.swift */,
				53BCCDDC28F5FC42003B32A4 /* GroupPaticipants.swift */,
				53BCCDDE28F5FDE1003B32A4 /* GroupItems.swift */,
			);
			path = Group;
			sourceTree = "<group>";
		};
		53C095F929154E4900D0E2AC /* Services */ = {
			isa = PBXGroup;
			children = (
				53C095FA29154E9C00D0E2AC /* AllGroupsFireDBManager.swift */,
			);
			path = Services;
			sourceTree = "<group>";
		};
		53C095FE291581FC00D0E2AC /* Services */ = {
			isa = PBXGroup;
			children = (
				53C096012915830300D0E2AC /* NewGroupFireDBManager.swift */,
			);
			path = Services;
			sourceTree = "<group>";
		};
		53C09603291588BD00D0E2AC /* Services */ = {
			isa = PBXGroup;
			children = (
				53C09604291588DF00D0E2AC /* GroupItemsFireDBManager.swift */,
			);
			path = Services;
			sourceTree = "<group>";
		};
		53C0960829158FE400D0E2AC /* Services */ = {
			isa = PBXGroup;
			children = (
				53C0960B291590DD00D0E2AC /* GroupSettingsFireDBManager.swift */,
			);
			path = Services;
			sourceTree = "<group>";
		};
		53C0960D29159F2600D0E2AC /* Services */ = {
			isa = PBXGroup;
			children = (
				53C0961029159F8300D0E2AC /* LoginRegisterFireDBManager.swift */,
			);
			path = Services;
			sourceTree = "<group>";
		};
		53C096122915A60E00D0E2AC /* Services */ = {
			isa = PBXGroup;
			children = (
				53C096132915A66100D0E2AC /* CategoriesFireDBManager.swift */,
			);
			path = Services;
			sourceTree = "<group>";
		};
		53C096152915A68B00D0E2AC /* Personal */ = {
			isa = PBXGroup;
			children = (
				534B6B2A28EF3C6B006EF12A /* PersonalCategories.swift */,
				53ACAD3E28F00D70005C3579 /* PersonalItems.swift */,
			);
			path = Personal;
			sourceTree = "<group>";
		};
		53C096182915AD6300D0E2AC /* Services */ = {
			isa = PBXGroup;
			children = (
				53C096192915AF0D00D0E2AC /* PersonalItemsFireDBManager.swift */,
			);
			path = Services;
			sourceTree = "<group>";
		};
		53C6EE3B2907ECB4001A6667 /* Global */ = {
			isa = PBXGroup;
			children = (
				53CFDF50290089F9005C72C4 /* MainNavigationController.swift */,
				53FD6BFF28EEF13200D2C50D /* AppDelegate.swift */,
				53FD6C0128EEF13200D2C50D /* SceneDelegate.swift */,
				53C6EE5C2907F3DA001A6667 /* Storyboard & Assets */,
				53FD6C1728EEF1D400D2C50D /* Resources */,
			);
			path = Global;
			sourceTree = "<group>";
		};
		53C6EE3C2907ED08001A6667 /* Personal */ = {
			isa = PBXGroup;
			children = (
				5353B8F628F9B4190090A62E /* Categories */,
				5353B8F728F9B4380090A62E /* Items */,
			);
			path = Personal;
			sourceTree = "<group>";
		};
		53C6EE3D2907EDC1001A6667 /* Controller */ = {
			isa = PBXGroup;
			children = (
				53FD6C0328EEF13200D2C50D /* PersonalCategoriesViewController.swift */,
				534B6B2828EF07CD006EF12A /* NewCategoryViewController.swift */,
				532534CE291AED8700EAB1E7 /* CategoriesTableViewCell.swift */,
			);
			path = Controller;
			sourceTree = "<group>";
		};
		53C6EE3E2907EDDC001A6667 /* Model */ = {
			isa = PBXGroup;
			children = (
				53C6EE5D2907F9E2001A6667 /* CategoryLogic.swift */,
				53C6EE6829082F78001A6667 /* NewCategoryLogic.swift */,
				53C096162915A6EA00D0E2AC /* CategoriesFireDBLogic.swift */,
			);
			path = Model;
			sourceTree = "<group>";
		};
		53C6EE3F2907EDEC001A6667 /* View */ = {
			isa = PBXGroup;
			children = (
				532534CF291AED8700EAB1E7 /* CategoriesTableViewCell.xib */,
			);
			path = View;
			sourceTree = "<group>";
		};
		53C6EE402907EE28001A6667 /* Controller */ = {
			isa = PBXGroup;
			children = (
				534B6B2C28EF4F10006EF12A /* PersonalItemsViewController.swift */,
				53ACAD3C28F00ABA005C3579 /* NewItemViewController.swift */,
				5353B8EC28F9A64E0090A62E /* ItemsTableViewCell.swift */,
				53910E1A2934A319001B9AE7 /* DetailedPersonalItemViewController.swift */,
			);
			path = Controller;
			sourceTree = "<group>";
		};
		53C6EE412907EE76001A6667 /* View */ = {
			isa = PBXGroup;
			children = (
				5353B8ED28F9A64E0090A62E /* ItemsTableViewCell.xib */,
			);
			path = View;
			sourceTree = "<group>";
		};
		53C6EE422907EE97001A6667 /* Model */ = {
			isa = PBXGroup;
			children = (
				53C6EE5F29080A31001A6667 /* ItemLogic.swift */,
				5328A71029091E170001B9DD /* ItemsTableViewLogic.swift */,
				53C6EE6F29083544001A6667 /* NewItemLogic.swift */,
				53C0961B2915AFA700D0E2AC /* PersonalItemFireDBLogic.swift */,
			);
			path = Model;
			sourceTree = "<group>";
		};
		53C6EE432907EED6001A6667 /* Group */ = {
			isa = PBXGroup;
			children = (
				53C6EE442907EF23001A6667 /* All groups */,
				53C6EE482907EF8D001A6667 /* New group */,
				53C6EE4C2907F049001A6667 /* Group items */,
				53C6EE502907F0F1001A6667 /* Group settings */,
			);
			path = Group;
			sourceTree = "<group>";
		};
		53C6EE442907EF23001A6667 /* All groups */ = {
			isa = PBXGroup;
			children = (
				53C6EE472907EF5E001A6667 /* Model */,
				53C6EE462907EF53001A6667 /* View */,
				53C6EE452907EF44001A6667 /* Controller */,
				53C095F929154E4900D0E2AC /* Services */,
			);
			path = "All groups";
			sourceTree = "<group>";
		};
		53C6EE452907EF44001A6667 /* Controller */ = {
			isa = PBXGroup;
			children = (
				5341BE6428F0545D00253761 /* GroupsViewController.swift */,
				5345884628F8469A00C26C27 /* GroupsTableViewCell.swift */,
			);
			path = Controller;
			sourceTree = "<group>";
		};
		53C6EE462907EF53001A6667 /* View */ = {
			isa = PBXGroup;
			children = (
				5345884728F8469A00C26C27 /* GroupsTableViewCell.xib */,
			);
			path = View;
			sourceTree = "<group>";
		};
		53C6EE472907EF5E001A6667 /* Model */ = {
			isa = PBXGroup;
			children = (
				53C6EE61290828F3001A6667 /* AllGroupsLogic.swift */,
				53C095FC2915505900D0E2AC /* AllGroupsFireDBLogic.swift */,
			);
			path = Model;
			sourceTree = "<group>";
		};
		53C6EE482907EF8D001A6667 /* New group */ = {
			isa = PBXGroup;
			children = (
				53C6EE4B2907EFE3001A6667 /* Model */,
				53C6EE4A2907EFD5001A6667 /* View */,
				53C6EE492907EFC2001A6667 /* Controller */,
				53C095FE291581FC00D0E2AC /* Services */,
			);
			path = "New group";
			sourceTree = "<group>";
		};
		53C6EE492907EFC2001A6667 /* Controller */ = {
			isa = PBXGroup;
			children = (
				53BCCDCF28F573DF003B32A4 /* AddGroupViewController.swift */,
				5345884028F7F3F800C26C27 /* ConfirmGroupViewController.swift */,
				53BCCDD128F5DCD9003B32A4 /* NewGroupCollectionViewCell.swift */,
				53BCCDD528F5EE5F003B32A4 /* UsersResultsTableViewCell.swift */,
				53BFB9C12923AFBA00FF4437 /* ConfirmGroupCollectionViewCell.swift */,
			);
			path = Controller;
			sourceTree = "<group>";
		};
		53C6EE4A2907EFD5001A6667 /* View */ = {
			isa = PBXGroup;
			children = (
				53BCCDD228F5DCD9003B32A4 /* NewGroupCollectionViewCell.xib */,
				53BCCDD628F5EE5F003B32A4 /* UsersResultsTableViewCell.xib */,
				53BFB9C22923AFBA00FF4437 /* ConfirmGroupCollectionViewCell.xib */,
			);
			path = View;
			sourceTree = "<group>";
		};
		53C6EE4B2907EFE3001A6667 /* Model */ = {
			isa = PBXGroup;
			children = (
				5328A712290941690001B9DD /* AddGroupLogic.swift */,
				5328A71429094D170001B9DD /* ConfirmGroupLogic.swift */,
				53C095FF2915822500D0E2AC /* NewGroupFireDBLogic.swift */,
			);
			path = Model;
			sourceTree = "<group>";
		};
		53C6EE4C2907F049001A6667 /* Group items */ = {
			isa = PBXGroup;
			children = (
				53C6EE4F2907F0A7001A6667 /* Model */,
				53C6EE4E2907F08A001A6667 /* View */,
				53C6EE4D2907F07B001A6667 /* Controller */,
				53C09603291588BD00D0E2AC /* Services */,
			);
			path = "Group items";
			sourceTree = "<group>";
		};
		53C6EE4D2907F07B001A6667 /* Controller */ = {
			isa = PBXGroup;
			children = (
				5353B8E228F993E90090A62E /* GroupsItemsViewController.swift */,
				5353B8F228F9B3430090A62E /* AddGroupItemViewController.swift */,
				5353B8E828F9A60B0090A62E /* GroupItemsCollectionViewCell.swift */,
				53F371F829142C5000CC9BFA /* GroupItemsTableViewCell.swift */,
				53910E1829349738001B9AE7 /* DetailedItemViewController.swift */,
			);
			path = Controller;
			sourceTree = "<group>";
		};
		53C6EE4E2907F08A001A6667 /* View */ = {
			isa = PBXGroup;
			children = (
				53F371F929142C5000CC9BFA /* GroupItemsTableViewCell.xib */,
				5353B8E928F9A60B0090A62E /* GroupItemsCollectionViewCell.xib */,
			);
			path = View;
			sourceTree = "<group>";
		};
		53C6EE4F2907F0A7001A6667 /* Model */ = {
			isa = PBXGroup;
			children = (
				53C919A0290ED20E006FA541 /* GroupItemsLogic.swift */,
				53C9199E290ED1EE006FA541 /* NewGroupItemLogic.swift */,
				53F371FC2914426200CC9BFA /* GroupItemsTableViewLogic.swift */,
				53C096062915898E00D0E2AC /* GroupItemsFireDBLogic.swift */,
			);
			path = Model;
			sourceTree = "<group>";
		};
		53C6EE502907F0F1001A6667 /* Group settings */ = {
			isa = PBXGroup;
			children = (
				53C6EE532907F122001A6667 /* Model */,
				53C6EE522907F11A001A6667 /* View */,
				53C6EE512907F10E001A6667 /* Controller */,
				53C0960829158FE400D0E2AC /* Services */,
			);
			path = "Group settings";
			sourceTree = "<group>";
		};
		53C6EE512907F10E001A6667 /* Controller */ = {
			isa = PBXGroup;
			children = (
				53BBEDF128FD5B59004EC47D /* GroupSettingsViewController.swift */,
				5302AC3D28FDD1E3004287CF /* AddParticipantViewController.swift */,
				5302AC3928FD5CD7004287CF /* GroupSettingsTableViewCell.swift */,
				5366C51E2922DBC400E145AD /* AddParticipantCollectionViewCell.swift */,
				5366C5222922E20900E145AD /* AddParticipantTableViewCell.swift */,
			);
			path = Controller;
			sourceTree = "<group>";
		};
		53C6EE522907F11A001A6667 /* View */ = {
			isa = PBXGroup;
			children = (
				5302AC3A28FD5CD7004287CF /* GroupSettingsTableViewCell.xib */,
				5366C51F2922DBC400E145AD /* AddParticipantCollectionViewCell.xib */,
				5366C5232922E20900E145AD /* AddParticipantTableViewCell.xib */,
			);
			path = View;
			sourceTree = "<group>";
		};
		53C6EE532907F122001A6667 /* Model */ = {
			isa = PBXGroup;
			children = (
				53C919A2290F185A006FA541 /* GroupSettingLogic.swift */,
				533189EB2912ACA1002BEEE1 /* AddParticipantLogic.swift */,
				53C096092915905B00D0E2AC /* GroupSettingsFireDBLogic.swift */,
				5366C51C2922C80F00E145AD /* GroupSettingsCellLogic.swift */,
			);
			path = Model;
			sourceTree = "<group>";
		};
		53C6EE542907F161001A6667 /* Login & Register */ = {
			isa = PBXGroup;
			children = (
				53C6EE572907F1DD001A6667 /* Model */,
				53C6EE562907F1D3001A6667 /* View */,
				53C6EE552907F1C2001A6667 /* Controller */,
				53C0960D29159F2600D0E2AC /* Services */,
			);
			path = "Login & Register";
			sourceTree = "<group>";
		};
		53C6EE552907F1C2001A6667 /* Controller */ = {
			isa = PBXGroup;
			children = (
				5341BE6628F0719800253761 /* LoginViewController.swift */,
				5341BE6828F0721400253761 /* RegisterViewController.swift */,
			);
			path = Controller;
			sourceTree = "<group>";
		};
		53C6EE562907F1D3001A6667 /* View */ = {
			isa = PBXGroup;
			children = (
			);
			path = View;
			sourceTree = "<group>";
		};
		53C6EE572907F1DD001A6667 /* Model */ = {
			isa = PBXGroup;
			children = (
				53C095F52915126B00D0E2AC /* LoginLogic.swift */,
				53C095F3291501D500D0E2AC /* RegisterLogic.swift */,
				53C0960E29159F6400D0E2AC /* LoginRegisterFireDBLogic.swift */,
			);
			path = Model;
			sourceTree = "<group>";
		};
		53C6EE582907F236001A6667 /* Settings */ = {
			isa = PBXGroup;
			children = (
				53C7A9B8291D1672001E3E32 /* Main Screen */,
				53C954EA292244D000648B2A /* Edit Profile */,
				53C7A9B9291D169E001E3E32 /* High Priority Tasks */,
				53ED5E1E291D5AF900EB998C /* Created By Me */,
				53ED5E2C291DAC3800EB998C /* Completed Tasks */,
			);
			path = Settings;
			sourceTree = "<group>";
		};
		53C6EE592907F25C001A6667 /* Controller */ = {
			isa = PBXGroup;
			children = (
				5341BE6A28F07BBE00253761 /* SettingsViewController.swift */,
			);
			path = Controller;
			sourceTree = "<group>";
		};
		53C6EE5A2907F267001A6667 /* View */ = {
			isa = PBXGroup;
			children = (
			);
			path = View;
			sourceTree = "<group>";
		};
		53C6EE5B2907F26F001A6667 /* Model */ = {
			isa = PBXGroup;
			children = (
				53C095F72915190200D0E2AC /* SettingsLogic.swift */,
			);
			path = Model;
			sourceTree = "<group>";
		};
		53C6EE5C2907F3DA001A6667 /* Storyboard & Assets */ = {
			isa = PBXGroup;
			children = (
				53FD6C0528EEF13200D2C50D /* Main.storyboard */,
				53FD6C0828EEF13300D2C50D /* Assets.xcassets */,
				53FD6C0A28EEF13300D2C50D /* LaunchScreen.storyboard */,
			);
			path = "Storyboard & Assets";
			sourceTree = "<group>";
		};
		53C7A9B8291D1672001E3E32 /* Main Screen */ = {
			isa = PBXGroup;
			children = (
				53C6EE5B2907F26F001A6667 /* Model */,
				53C6EE5A2907F267001A6667 /* View */,
				53C6EE592907F25C001A6667 /* Controller */,
			);
			path = "Main Screen";
			sourceTree = "<group>";
		};
		53C7A9B9291D169E001E3E32 /* High Priority Tasks */ = {
			isa = PBXGroup;
			children = (
				53ED5E17291D55DA00EB998C /* Model */,
				53ED5E18291D55EA00EB998C /* View */,
				53ED5E19291D55F600EB998C /* Controller */,
			);
			path = "High Priority Tasks";
			sourceTree = "<group>";
		};
		53C954EA292244D000648B2A /* Edit Profile */ = {
			isa = PBXGroup;
			children = (
				53BA9A322922674D00FD2C5E /* Model */,
				53BA9A352922676800FD2C5E /* Controller */,
				53BA9A332922675800FD2C5E /* Services */,
			);
			path = "Edit Profile";
			sourceTree = "<group>";
		};
		53ED5E17291D55DA00EB998C /* Model */ = {
			isa = PBXGroup;
			children = (
				53ED5E1C291D568A00EB998C /* HighPriorityTaskLogic.swift */,
				53ED5E1A291D562F00EB998C /* HighPriorityObject.swift */,
			);
			path = Model;
			sourceTree = "<group>";
		};
		53ED5E18291D55EA00EB998C /* View */ = {
			isa = PBXGroup;
			children = (
				53ED5E14291D32B300EB998C /* HighPriorityTasksTableViewCell.xib */,
			);
			path = View;
			sourceTree = "<group>";
		};
		53ED5E19291D55F600EB998C /* Controller */ = {
			isa = PBXGroup;
			children = (
				53C7A9BA291D171A001E3E32 /* HighPriorityTasksViewController.swift */,
				53ED5E13291D32B300EB998C /* HighPriorityTasksTableViewCell.swift */,
			);
			path = Controller;
			sourceTree = "<group>";
		};
		53ED5E1E291D5AF900EB998C /* Created By Me */ = {
			isa = PBXGroup;
			children = (
				53ED5E27291DAB3200EB998C /* Model */,
				53ED5E28291DAB3F00EB998C /* View */,
				53ED5E29291DAB4900EB998C /* Controller */,
			);
			path = "Created By Me";
			sourceTree = "<group>";
		};
		53ED5E27291DAB3200EB998C /* Model */ = {
			isa = PBXGroup;
			children = (
				53ED5E25291D623500EB998C /* CreatedByMeLogic.swift */,
				53ED5E2A291DABF000EB998C /* CreatedByMeObject.swift */,
			);
			path = Model;
			sourceTree = "<group>";
		};
		53ED5E28291DAB3F00EB998C /* View */ = {
			isa = PBXGroup;
			children = (
				53ED5E22291D5C1100EB998C /* CreatedByMeTableViewCell.xib */,
			);
			path = View;
			sourceTree = "<group>";
		};
		53ED5E29291DAB4900EB998C /* Controller */ = {
			isa = PBXGroup;
			children = (
				53ED5E1F291D5B3C00EB998C /* CreatedByMeViewController.swift */,
				53ED5E21291D5C1100EB998C /* CreatedByMeTableViewCell.swift */,
			);
			path = Controller;
			sourceTree = "<group>";
		};
		53ED5E2C291DAC3800EB998C /* Completed Tasks */ = {
			isa = PBXGroup;
			children = (
				53ED5E33291DAD2200EB998C /* Model */,
				53ED5E34291DAD2C00EB998C /* View */,
				53ED5E35291DAD3200EB998C /* Controller */,
			);
			path = "Completed Tasks";
			sourceTree = "<group>";
		};
		53ED5E33291DAD2200EB998C /* Model */ = {
			isa = PBXGroup;
			children = (
				53ED5E38291DAD7F00EB998C /* CompletedTasksLogic.swift */,
				53ED5E36291DAD6200EB998C /* CompletedTasksObject.swift */,
			);
			path = Model;
			sourceTree = "<group>";
		};
		53ED5E34291DAD2C00EB998C /* View */ = {
			isa = PBXGroup;
			children = (
				53ED5E30291DACD800EB998C /* CompletedTasksTableViewCell.xib */,
			);
			path = View;
			sourceTree = "<group>";
		};
		53ED5E35291DAD3200EB998C /* Controller */ = {
			isa = PBXGroup;
			children = (
				53ED5E2D291DAC7600EB998C /* CompletedTasksViewController.swift */,
				53ED5E2F291DACD800EB998C /* CompletedTasksTableViewCell.swift */,
			);
			path = Controller;
			sourceTree = "<group>";
		};
		53FD6BF328EEF13200D2C50D = {
			isa = PBXGroup;
			children = (
				536F6F33292BE3FA006E7CFB /* Group Task.entitlements */,
				53FD6BFE28EEF13200D2C50D /* Group Do */,
				53FD6BFD28EEF13200D2C50D /* Products */,
			);
			sourceTree = "<group>";
		};
		53FD6BFD28EEF13200D2C50D /* Products */ = {
			isa = PBXGroup;
			children = (
				53FD6BFC28EEF13200D2C50D /* Group Task.app */,
			);
			name = Products;
			sourceTree = "<group>";
		};
		53FD6BFE28EEF13200D2C50D /* Group Do */ = {
			isa = PBXGroup;
			children = (
				53C6EE3B2907ECB4001A6667 /* Global */,
				53C6EE3C2907ED08001A6667 /* Personal */,
				53C6EE432907EED6001A6667 /* Group */,
				53C6EE542907F161001A6667 /* Login & Register */,
				53C6EE582907F236001A6667 /* Settings */,
				53FD6C1828EEF1F000D2C50D /* Realm Data */,
				53FD6C0D28EEF13300D2C50D /* Info.plist */,
				5341BE6228F04DF100253761 /* GoogleService-Info.plist */,
			);
			path = "Group Do";
			sourceTree = "<group>";
		};
		53FD6C1728EEF1D400D2C50D /* Resources */ = {
			isa = PBXGroup;
			children = (
				5341BE7328F09B9000253761 /* FireStoreManager.swift */,
				535CA5BF28F2AA2D007C2011 /* ImageManager.swift */,
				535CA5C528F2C610007C2011 /* Extensions.swift */,
				5349598C292D34800077490E /* PushNotificationSender.swift */,
				5349598E292D41F10077490E /* PushNotificationManager.swift */,
			);
			path = Resources;
			sourceTree = "<group>";
		};
		53FD6C1828EEF1F000D2C50D /* Realm Data */ = {
			isa = PBXGroup;
			children = (
				5341BE7528F09EF100253761 /* RealmUser.swift */,
				53C096152915A68B00D0E2AC /* Personal */,
				53BCCDDB28F5FB54003B32A4 /* Group */,
			);
			path = "Realm Data";
			sourceTree = "<group>";
		};
/* End PBXGroup section */

/* Begin PBXNativeTarget section */
		53FD6BFB28EEF13200D2C50D /* Group Task */ = {
			isa = PBXNativeTarget;
			buildConfigurationList = 53FD6C1028EEF13300D2C50D /* Build configuration list for PBXNativeTarget "Group Task" */;
			buildPhases = (
				53FD6BF828EEF13200D2C50D /* Sources */,
				53FD6BF928EEF13200D2C50D /* Frameworks */,
				53FD6BFA28EEF13200D2C50D /* Resources */,
				53B34130292E7398001AEB40 /* Embed Foundation Extensions */,
			);
			buildRules = (
			);
			dependencies = (
			);
			name = "Group Task";
			packageProductDependencies = (
				FF5817702A64126B008199C6 /* Realm */,
				FF5817722A64126B008199C6 /* RealmSwift */,
				FF5817752A6412FE008199C6 /* FirebaseAuth */,
				FF5817772A6412FE008199C6 /* FirebaseDatabase */,
				FF5817792A6412FE008199C6 /* FirebaseMessaging */,
				FF58177B2A6412FE008199C6 /* FirebaseStorage */,
				FF58177E2A641336008199C6 /* JGProgressHUD */,
				FF5817812A64137C008199C6 /* SDWebImage */,
				FF5817842A641390008199C6 /* TextFieldEffects */,
			);
			productName = "Group Do";
			productReference = 53FD6BFC28EEF13200D2C50D /* Group Task.app */;
			productType = "com.apple.product-type.application";
		};
/* End PBXNativeTarget section */

/* Begin PBXProject section */
		53FD6BF428EEF13200D2C50D /* Project object */ = {
			isa = PBXProject;
			attributes = {
				BuildIndependentTargetsInParallel = 1;
				LastSwiftUpdateCheck = 1400;
				LastUpgradeCheck = 1520;
				TargetAttributes = {
					53FD6BFB28EEF13200D2C50D = {
						CreatedOnToolsVersion = 14.0;
					};
				};
			};
			buildConfigurationList = 53FD6BF728EEF13200D2C50D /* Build configuration list for PBXProject "Group Do" */;
			compatibilityVersion = "Xcode 14.0";
			developmentRegion = en;
			hasScannedForEncodings = 0;
			knownRegions = (
				en,
				Base,
			);
			mainGroup = 53FD6BF328EEF13200D2C50D;
			packageReferences = (
				FF58176F2A64126B008199C6 /* XCRemoteSwiftPackageReference "realm-swift" */,
				FF5817742A6412FE008199C6 /* XCRemoteSwiftPackageReference "firebase-ios-sdk" */,
				FF58177D2A641336008199C6 /* XCRemoteSwiftPackageReference "JGProgressHUD" */,
				FF5817802A64137C008199C6 /* XCRemoteSwiftPackageReference "SDWebImage" */,
				FF5817832A641390008199C6 /* XCRemoteSwiftPackageReference "TextFieldEffects" */,
			);
			productRefGroup = 53FD6BFD28EEF13200D2C50D /* Products */;
			projectDirPath = "";
			projectRoot = "";
			targets = (
				53FD6BFB28EEF13200D2C50D /* Group Task */,
			);
		};
/* End PBXProject section */

/* Begin PBXResourcesBuildPhase section */
		53FD6BFA28EEF13200D2C50D /* Resources */ = {
			isa = PBXResourcesBuildPhase;
			buildActionMask = 2147483647;
			files = (
				5345884928F8469A00C26C27 /* GroupsTableViewCell.xib in Resources */,
				5366C5252922E20900E145AD /* AddParticipantTableViewCell.xib in Resources */,
				53FD6C0C28EEF13300D2C50D /* LaunchScreen.storyboard in Resources */,
				5341BE6328F04DF100253761 /* GoogleService-Info.plist in Resources */,
				53FD6C0928EEF13300D2C50D /* Assets.xcassets in Resources */,
				5366C5212922DBC400E145AD /* AddParticipantCollectionViewCell.xib in Resources */,
				5302AC3C28FD5CD7004287CF /* GroupSettingsTableViewCell.xib in Resources */,
				53FD6C0728EEF13200D2C50D /* Main.storyboard in Resources */,
				53BCCDD428F5DCD9003B32A4 /* NewGroupCollectionViewCell.xib in Resources */,
				5353B8EB28F9A60B0090A62E /* GroupItemsCollectionViewCell.xib in Resources */,
				53BCCDD828F5EE5F003B32A4 /* UsersResultsTableViewCell.xib in Resources */,
				53ED5E24291D5C1100EB998C /* CreatedByMeTableViewCell.xib in Resources */,
				532534D1291AED8800EAB1E7 /* CategoriesTableViewCell.xib in Resources */,
				53ED5E32291DACD800EB998C /* CompletedTasksTableViewCell.xib in Resources */,
				53ED5E16291D32B300EB998C /* HighPriorityTasksTableViewCell.xib in Resources */,
				5353B8EF28F9A64E0090A62E /* ItemsTableViewCell.xib in Resources */,
				53F371FB29142C5000CC9BFA /* GroupItemsTableViewCell.xib in Resources */,
				53BFB9C42923AFBA00FF4437 /* ConfirmGroupCollectionViewCell.xib in Resources */,
			);
			runOnlyForDeploymentPostprocessing = 0;
		};
/* End PBXResourcesBuildPhase section */

/* Begin PBXSourcesBuildPhase section */
		53FD6BF828EEF13200D2C50D /* Sources */ = {
			isa = PBXSourcesBuildPhase;
			buildActionMask = 2147483647;
			files = (
				53BCCDD028F573DF003B32A4 /* AddGroupViewController.swift in Sources */,
				532534D0291AED8800EAB1E7 /* CategoriesTableViewCell.swift in Sources */,
				535CA5C028F2AA2E007C2011 /* ImageManager.swift in Sources */,
				533189EC2912ACA1002BEEE1 /* AddParticipantLogic.swift in Sources */,
				53FD6C0428EEF13200D2C50D /* PersonalCategoriesViewController.swift in Sources */,
				53C6EE6929082F78001A6667 /* NewCategoryLogic.swift in Sources */,
				53C0960F29159F6400D0E2AC /* LoginRegisterFireDBLogic.swift in Sources */,
				53C0960A2915905B00D0E2AC /* GroupSettingsFireDBLogic.swift in Sources */,
				53BFB9C32923AFBA00FF4437 /* ConfirmGroupCollectionViewCell.swift in Sources */,
				53C09605291588DF00D0E2AC /* GroupItemsFireDBManager.swift in Sources */,
				53C0961129159F8300D0E2AC /* LoginRegisterFireDBManager.swift in Sources */,
				5345884828F8469A00C26C27 /* GroupsTableViewCell.swift in Sources */,
				53C095FD2915505900D0E2AC /* AllGroupsFireDBLogic.swift in Sources */,
				5328A713290941690001B9DD /* AddGroupLogic.swift in Sources */,
				53F371FA29142C5000CC9BFA /* GroupItemsTableViewCell.swift in Sources */,
				5345884128F7F3F800C26C27 /* ConfirmGroupViewController.swift in Sources */,
				53C0961A2915AF0D00D0E2AC /* PersonalItemsFireDBManager.swift in Sources */,
				5349598F292D41F10077490E /* PushNotificationManager.swift in Sources */,
				53C6EE6029080A31001A6667 /* ItemLogic.swift in Sources */,
				53ED5E2E291DAC7600EB998C /* CompletedTasksViewController.swift in Sources */,
				53BCCDDF28F5FDE1003B32A4 /* GroupItems.swift in Sources */,
				5366C51D2922C80F00E145AD /* GroupSettingsCellLogic.swift in Sources */,
				5302AC3E28FDD1E4004287CF /* AddParticipantViewController.swift in Sources */,
				5341BE6928F0721400253761 /* RegisterViewController.swift in Sources */,
				5341BE7428F09B9000253761 /* FireStoreManager.swift in Sources */,
				53C0960C291590DD00D0E2AC /* GroupSettingsFireDBManager.swift in Sources */,
				53C096002915822500D0E2AC /* NewGroupFireDBLogic.swift in Sources */,
				5349598D292D34800077490E /* PushNotificationSender.swift in Sources */,
				53C096142915A66100D0E2AC /* CategoriesFireDBManager.swift in Sources */,
				53ED5E39291DAD7F00EB998C /* CompletedTasksLogic.swift in Sources */,
				534B6B2B28EF3C6B006EF12A /* PersonalCategories.swift in Sources */,
				534B6B2928EF07CD006EF12A /* NewCategoryViewController.swift in Sources */,
				53BBEDF228FD5B59004EC47D /* GroupSettingsViewController.swift in Sources */,
				53C7A9BB291D171A001E3E32 /* HighPriorityTasksViewController.swift in Sources */,
				53BA9A37292267A100FD2C5E /* EditProfileLogic.swift in Sources */,
				53BCCDD728F5EE5F003B32A4 /* UsersResultsTableViewCell.swift in Sources */,
				535CA5C628F2C610007C2011 /* Extensions.swift in Sources */,
				53ED5E20291D5B3C00EB998C /* CreatedByMeViewController.swift in Sources */,
				53C095F82915190200D0E2AC /* SettingsLogic.swift in Sources */,
				5328A71129091E170001B9DD /* ItemsTableViewLogic.swift in Sources */,
				534B6B2D28EF4F10006EF12A /* PersonalItemsViewController.swift in Sources */,
				53FD6C0028EEF13200D2C50D /* AppDelegate.swift in Sources */,
				53C6EE5E2907F9E2001A6667 /* CategoryLogic.swift in Sources */,
				53C095FB29154E9C00D0E2AC /* AllGroupsFireDBManager.swift in Sources */,
				53910E1929349738001B9AE7 /* DetailedItemViewController.swift in Sources */,
				53F371FD2914426200CC9BFA /* GroupItemsTableViewLogic.swift in Sources */,
				53C096022915830300D0E2AC /* NewGroupFireDBManager.swift in Sources */,
				5353B8E328F993E90090A62E /* GroupsItemsViewController.swift in Sources */,
				53ED5E1B291D562F00EB998C /* HighPriorityObject.swift in Sources */,
				53C919A3290F185A006FA541 /* GroupSettingLogic.swift in Sources */,
				53BCCDDD28F5FC42003B32A4 /* GroupPaticipants.swift in Sources */,
				53C919A1290ED20E006FA541 /* GroupItemsLogic.swift in Sources */,
				53C0961C2915AFA700D0E2AC /* PersonalItemFireDBLogic.swift in Sources */,
				53C095F4291501D600D0E2AC /* RegisterLogic.swift in Sources */,
				5353B8F328F9B3430090A62E /* AddGroupItemViewController.swift in Sources */,
				53ACAD3F28F00D70005C3579 /* PersonalItems.swift in Sources */,
				53C6EE62290828F3001A6667 /* AllGroupsLogic.swift in Sources */,
				53ED5E23291D5C1100EB998C /* CreatedByMeTableViewCell.swift in Sources */,
				5328A71529094D170001B9DD /* ConfirmGroupLogic.swift in Sources */,
				53BCCDD328F5DCD9003B32A4 /* NewGroupCollectionViewCell.swift in Sources */,
				53C096072915898E00D0E2AC /* GroupItemsFireDBLogic.swift in Sources */,
				53C954EE29225F6700648B2A /* EditProfileDBManager.swift in Sources */,
				53910E1B2934A319001B9AE7 /* DetailedPersonalItemViewController.swift in Sources */,
				53C954EC2922450600648B2A /* EditProfileViewController.swift in Sources */,
				5366C5242922E20900E145AD /* AddParticipantTableViewCell.swift in Sources */,
				5341BE7628F09EF100253761 /* RealmUser.swift in Sources */,
				53ED5E37291DAD6200EB998C /* CompletedTasksObject.swift in Sources */,
				53ED5E2B291DABF000EB998C /* CreatedByMeObject.swift in Sources */,
				53FD6C0228EEF13200D2C50D /* SceneDelegate.swift in Sources */,
				53CFDF51290089F9005C72C4 /* MainNavigationController.swift in Sources */,
				53ACAD3D28F00ABA005C3579 /* NewItemViewController.swift in Sources */,
				53ED5E26291D623500EB998C /* CreatedByMeLogic.swift in Sources */,
				53ED5E31291DACD800EB998C /* CompletedTasksTableViewCell.swift in Sources */,
				5302AC3B28FD5CD7004287CF /* GroupSettingsTableViewCell.swift in Sources */,
				5341BE6728F0719800253761 /* LoginViewController.swift in Sources */,
				53ED5E15291D32B300EB998C /* HighPriorityTasksTableViewCell.swift in Sources */,
				5341BE6528F0545D00253761 /* GroupsViewController.swift in Sources */,
				53C9199F290ED1EE006FA541 /* NewGroupItemLogic.swift in Sources */,
				53C096172915A6EA00D0E2AC /* CategoriesFireDBLogic.swift in Sources */,
				53ED5E1D291D568A00EB998C /* HighPriorityTaskLogic.swift in Sources */,
				53C095F62915126B00D0E2AC /* LoginLogic.swift in Sources */,
				5353B8EE28F9A64E0090A62E /* ItemsTableViewCell.swift in Sources */,
				53C6EE7029083544001A6667 /* NewItemLogic.swift in Sources */,
				5341BE6B28F07BBE00253761 /* SettingsViewController.swift in Sources */,
				53BCCDCE28F571BA003B32A4 /* Groups.swift in Sources */,
				5353B8EA28F9A60B0090A62E /* GroupItemsCollectionViewCell.swift in Sources */,
				5366C5202922DBC400E145AD /* AddParticipantCollectionViewCell.swift in Sources */,
			);
			runOnlyForDeploymentPostprocessing = 0;
		};
/* End PBXSourcesBuildPhase section */

/* Begin PBXVariantGroup section */
		53FD6C0528EEF13200D2C50D /* Main.storyboard */ = {
			isa = PBXVariantGroup;
			children = (
				53FD6C0628EEF13200D2C50D /* Base */,
			);
			name = Main.storyboard;
			sourceTree = "<group>";
		};
		53FD6C0A28EEF13300D2C50D /* LaunchScreen.storyboard */ = {
			isa = PBXVariantGroup;
			children = (
				53FD6C0B28EEF13300D2C50D /* Base */,
			);
			name = LaunchScreen.storyboard;
			sourceTree = "<group>";
		};
/* End PBXVariantGroup section */

/* Begin XCBuildConfiguration section */
		53FD6C0E28EEF13300D2C50D /* Debug */ = {
			isa = XCBuildConfiguration;
			buildSettings = {
				ALWAYS_SEARCH_USER_PATHS = NO;
				CLANG_ANALYZER_NONNULL = YES;
				CLANG_ANALYZER_NUMBER_OBJECT_CONVERSION = YES_AGGRESSIVE;
				CLANG_CXX_LANGUAGE_STANDARD = "gnu++20";
				CLANG_ENABLE_MODULES = YES;
				CLANG_ENABLE_OBJC_ARC = YES;
				CLANG_ENABLE_OBJC_WEAK = YES;
				CLANG_WARN_BLOCK_CAPTURE_AUTORELEASING = YES;
				CLANG_WARN_BOOL_CONVERSION = YES;
				CLANG_WARN_COMMA = YES;
				CLANG_WARN_CONSTANT_CONVERSION = YES;
				CLANG_WARN_DEPRECATED_OBJC_IMPLEMENTATIONS = YES;
				CLANG_WARN_DIRECT_OBJC_ISA_USAGE = YES_ERROR;
				CLANG_WARN_DOCUMENTATION_COMMENTS = YES;
				CLANG_WARN_EMPTY_BODY = YES;
				CLANG_WARN_ENUM_CONVERSION = YES;
				CLANG_WARN_INFINITE_RECURSION = YES;
				CLANG_WARN_INT_CONVERSION = YES;
				CLANG_WARN_NON_LITERAL_NULL_CONVERSION = YES;
				CLANG_WARN_OBJC_IMPLICIT_RETAIN_SELF = YES;
				CLANG_WARN_OBJC_LITERAL_CONVERSION = YES;
				CLANG_WARN_OBJC_ROOT_CLASS = YES_ERROR;
				CLANG_WARN_QUOTED_INCLUDE_IN_FRAMEWORK_HEADER = YES;
				CLANG_WARN_RANGE_LOOP_ANALYSIS = YES;
				CLANG_WARN_STRICT_PROTOTYPES = YES;
				CLANG_WARN_SUSPICIOUS_MOVE = YES;
				CLANG_WARN_UNGUARDED_AVAILABILITY = YES_AGGRESSIVE;
				CLANG_WARN_UNREACHABLE_CODE = YES;
				CLANG_WARN__DUPLICATE_METHOD_MATCH = YES;
				COPY_PHASE_STRIP = NO;
				DEBUG_INFORMATION_FORMAT = dwarf;
				ENABLE_STRICT_OBJC_MSGSEND = YES;
				ENABLE_TESTABILITY = YES;
				ENABLE_USER_SCRIPT_SANDBOXING = YES;
				GCC_C_LANGUAGE_STANDARD = gnu11;
				GCC_DYNAMIC_NO_PIC = NO;
				GCC_NO_COMMON_BLOCKS = YES;
				GCC_OPTIMIZATION_LEVEL = 0;
				GCC_PREPROCESSOR_DEFINITIONS = (
					"DEBUG=1",
					"$(inherited)",
				);
				GCC_WARN_64_TO_32_BIT_CONVERSION = YES;
				GCC_WARN_ABOUT_RETURN_TYPE = YES_ERROR;
				GCC_WARN_UNDECLARED_SELECTOR = YES;
				GCC_WARN_UNINITIALIZED_AUTOS = YES_AGGRESSIVE;
				GCC_WARN_UNUSED_FUNCTION = YES;
				GCC_WARN_UNUSED_VARIABLE = YES;
				IPHONEOS_DEPLOYMENT_TARGET = 14.0;
				MTL_ENABLE_DEBUG_INFO = INCLUDE_SOURCE;
				MTL_FAST_MATH = YES;
				ONLY_ACTIVE_ARCH = YES;
				SDKROOT = iphoneos;
				SWIFT_ACTIVE_COMPILATION_CONDITIONS = DEBUG;
				SWIFT_OPTIMIZATION_LEVEL = "-Onone";
			};
			name = Debug;
		};
		53FD6C0F28EEF13300D2C50D /* Release */ = {
			isa = XCBuildConfiguration;
			buildSettings = {
				ALWAYS_SEARCH_USER_PATHS = NO;
				CLANG_ANALYZER_NONNULL = YES;
				CLANG_ANALYZER_NUMBER_OBJECT_CONVERSION = YES_AGGRESSIVE;
				CLANG_CXX_LANGUAGE_STANDARD = "gnu++20";
				CLANG_ENABLE_MODULES = YES;
				CLANG_ENABLE_OBJC_ARC = YES;
				CLANG_ENABLE_OBJC_WEAK = YES;
				CLANG_WARN_BLOCK_CAPTURE_AUTORELEASING = YES;
				CLANG_WARN_BOOL_CONVERSION = YES;
				CLANG_WARN_COMMA = YES;
				CLANG_WARN_CONSTANT_CONVERSION = YES;
				CLANG_WARN_DEPRECATED_OBJC_IMPLEMENTATIONS = YES;
				CLANG_WARN_DIRECT_OBJC_ISA_USAGE = YES_ERROR;
				CLANG_WARN_DOCUMENTATION_COMMENTS = YES;
				CLANG_WARN_EMPTY_BODY = YES;
				CLANG_WARN_ENUM_CONVERSION = YES;
				CLANG_WARN_INFINITE_RECURSION = YES;
				CLANG_WARN_INT_CONVERSION = YES;
				CLANG_WARN_NON_LITERAL_NULL_CONVERSION = YES;
				CLANG_WARN_OBJC_IMPLICIT_RETAIN_SELF = YES;
				CLANG_WARN_OBJC_LITERAL_CONVERSION = YES;
				CLANG_WARN_OBJC_ROOT_CLASS = YES_ERROR;
				CLANG_WARN_QUOTED_INCLUDE_IN_FRAMEWORK_HEADER = YES;
				CLANG_WARN_RANGE_LOOP_ANALYSIS = YES;
				CLANG_WARN_STRICT_PROTOTYPES = YES;
				CLANG_WARN_SUSPICIOUS_MOVE = YES;
				CLANG_WARN_UNGUARDED_AVAILABILITY = YES_AGGRESSIVE;
				CLANG_WARN_UNREACHABLE_CODE = YES;
				CLANG_WARN__DUPLICATE_METHOD_MATCH = YES;
				COPY_PHASE_STRIP = NO;
				DEBUG_INFORMATION_FORMAT = "dwarf-with-dsym";
				ENABLE_NS_ASSERTIONS = NO;
				ENABLE_STRICT_OBJC_MSGSEND = YES;
				ENABLE_USER_SCRIPT_SANDBOXING = YES;
				GCC_C_LANGUAGE_STANDARD = gnu11;
				GCC_NO_COMMON_BLOCKS = YES;
				GCC_WARN_64_TO_32_BIT_CONVERSION = YES;
				GCC_WARN_ABOUT_RETURN_TYPE = YES_ERROR;
				GCC_WARN_UNDECLARED_SELECTOR = YES;
				GCC_WARN_UNINITIALIZED_AUTOS = YES_AGGRESSIVE;
				GCC_WARN_UNUSED_FUNCTION = YES;
				GCC_WARN_UNUSED_VARIABLE = YES;
				IPHONEOS_DEPLOYMENT_TARGET = 14.0;
				MTL_ENABLE_DEBUG_INFO = NO;
				MTL_FAST_MATH = YES;
				SDKROOT = iphoneos;
				SWIFT_COMPILATION_MODE = wholemodule;
				SWIFT_OPTIMIZATION_LEVEL = "-O";
				VALIDATE_PRODUCT = YES;
			};
			name = Release;
		};
		53FD6C1128EEF13300D2C50D /* Debug */ = {
			isa = XCBuildConfiguration;
			buildSettings = {
				ALWAYS_EMBED_SWIFT_STANDARD_LIBRARIES = YES;
				ASSETCATALOG_COMPILER_APPICON_NAME = AppIcon;
				ASSETCATALOG_COMPILER_GLOBAL_ACCENT_COLOR_NAME = AccentColor;
				CODE_SIGN_ENTITLEMENTS = "Group Task.entitlements";
				CODE_SIGN_STYLE = Automatic;
				CURRENT_PROJECT_VERSION = 1;
				DEVELOPMENT_TEAM = 8395HM2DQS;
				GENERATE_INFOPLIST_FILE = YES;
				INFOPLIST_FILE = "Group Do/Info.plist";
				INFOPLIST_KEY_UIApplicationSupportsIndirectInputEvents = YES;
				INFOPLIST_KEY_UILaunchStoryboardName = LaunchScreen.storyboard;
				INFOPLIST_KEY_UIMainStoryboardFile = Main;
				INFOPLIST_KEY_UISupportedInterfaceOrientations = UIInterfaceOrientationPortrait;
				INFOPLIST_KEY_UIUserInterfaceStyle = Light;
				IPHONEOS_DEPLOYMENT_TARGET = 14.0;
				LD_RUNPATH_SEARCH_PATHS = (
					"$(inherited)",
					"@executable_path/Frameworks",
				);
				MARKETING_VERSION = 1.1.4;
				PRODUCT_BUNDLE_IDENTIFIER = "com.GabrielCastilloSerafim.Group-Do";
				PRODUCT_NAME = "$(TARGET_NAME)";
				SUPPORTED_PLATFORMS = "iphoneos iphonesimulator";
				SUPPORTS_MACCATALYST = NO;
				SUPPORTS_MAC_DESIGNED_FOR_IPHONE_IPAD = NO;
				SWIFT_EMIT_LOC_STRINGS = YES;
				SWIFT_VERSION = 5.0;
				TARGETED_DEVICE_FAMILY = 1;
			};
			name = Debug;
		};
		53FD6C1228EEF13300D2C50D /* Release */ = {
			isa = XCBuildConfiguration;
			buildSettings = {
				ALWAYS_EMBED_SWIFT_STANDARD_LIBRARIES = YES;
				ASSETCATALOG_COMPILER_APPICON_NAME = AppIcon;
				ASSETCATALOG_COMPILER_GLOBAL_ACCENT_COLOR_NAME = AccentColor;
				CODE_SIGN_ENTITLEMENTS = "Group Task.entitlements";
				CODE_SIGN_STYLE = Automatic;
				CURRENT_PROJECT_VERSION = 1;
				DEVELOPMENT_TEAM = 8395HM2DQS;
				GENERATE_INFOPLIST_FILE = YES;
				INFOPLIST_FILE = "Group Do/Info.plist";
				INFOPLIST_KEY_UIApplicationSupportsIndirectInputEvents = YES;
				INFOPLIST_KEY_UILaunchStoryboardName = LaunchScreen.storyboard;
				INFOPLIST_KEY_UIMainStoryboardFile = Main;
				INFOPLIST_KEY_UISupportedInterfaceOrientations = UIInterfaceOrientationPortrait;
				INFOPLIST_KEY_UIUserInterfaceStyle = Light;
				IPHONEOS_DEPLOYMENT_TARGET = 14.0;
				LD_RUNPATH_SEARCH_PATHS = (
					"$(inherited)",
					"@executable_path/Frameworks",
				);
				MARKETING_VERSION = 1.1.4;
				PRODUCT_BUNDLE_IDENTIFIER = "com.GabrielCastilloSerafim.Group-Do";
				PRODUCT_NAME = "$(TARGET_NAME)";
				SUPPORTED_PLATFORMS = "iphoneos iphonesimulator";
				SUPPORTS_MACCATALYST = NO;
				SUPPORTS_MAC_DESIGNED_FOR_IPHONE_IPAD = NO;
				SWIFT_EMIT_LOC_STRINGS = YES;
				SWIFT_VERSION = 5.0;
				TARGETED_DEVICE_FAMILY = 1;
			};
			name = Release;
		};
/* End XCBuildConfiguration section */

/* Begin XCConfigurationList section */
		53FD6BF728EEF13200D2C50D /* Build configuration list for PBXProject "Group Do" */ = {
			isa = XCConfigurationList;
			buildConfigurations = (
				53FD6C0E28EEF13300D2C50D /* Debug */,
				53FD6C0F28EEF13300D2C50D /* Release */,
			);
			defaultConfigurationIsVisible = 0;
			defaultConfigurationName = Release;
		};
		53FD6C1028EEF13300D2C50D /* Build configuration list for PBXNativeTarget "Group Task" */ = {
			isa = XCConfigurationList;
			buildConfigurations = (
				53FD6C1128EEF13300D2C50D /* Debug */,
				53FD6C1228EEF13300D2C50D /* Release */,
			);
			defaultConfigurationIsVisible = 0;
			defaultConfigurationName = Release;
		};
/* End XCConfigurationList section */

/* Begin XCRemoteSwiftPackageReference section */
		FF58176F2A64126B008199C6 /* XCRemoteSwiftPackageReference "realm-swift" */ = {
			isa = XCRemoteSwiftPackageReference;
			repositoryURL = "https://github.com/realm/realm-swift.git";
			requirement = {
				branch = master;
				kind = branch;
			};
		};
		FF5817742A6412FE008199C6 /* XCRemoteSwiftPackageReference "firebase-ios-sdk" */ = {
			isa = XCRemoteSwiftPackageReference;
			repositoryURL = "https://github.com/firebase/firebase-ios-sdk";
			requirement = {
				kind = upToNextMajorVersion;
				minimumVersion = 10.0.0;
			};
		};
		FF58177D2A641336008199C6 /* XCRemoteSwiftPackageReference "JGProgressHUD" */ = {
			isa = XCRemoteSwiftPackageReference;
			repositoryURL = "https://github.com/JonasGessner/JGProgressHUD.git";
			requirement = {
				kind = upToNextMajorVersion;
				minimumVersion = 2.0.0;
			};
		};
		FF5817802A64137C008199C6 /* XCRemoteSwiftPackageReference "SDWebImage" */ = {
			isa = XCRemoteSwiftPackageReference;
			repositoryURL = "https://github.com/SDWebImage/SDWebImage.git";
			requirement = {
				kind = upToNextMajorVersion;
				minimumVersion = 5.0.0;
			};
		};
		FF5817832A641390008199C6 /* XCRemoteSwiftPackageReference "TextFieldEffects" */ = {
			isa = XCRemoteSwiftPackageReference;
			repositoryURL = "https://github.com/raulriera/TextFieldEffects.git";
			requirement = {
				kind = upToNextMajorVersion;
				minimumVersion = 1.0.0;
			};
		};
/* End XCRemoteSwiftPackageReference section */

/* Begin XCSwiftPackageProductDependency section */
		FF5817702A64126B008199C6 /* Realm */ = {
			isa = XCSwiftPackageProductDependency;
			package = FF58176F2A64126B008199C6 /* XCRemoteSwiftPackageReference "realm-swift" */;
			productName = Realm;
		};
		FF5817722A64126B008199C6 /* RealmSwift */ = {
			isa = XCSwiftPackageProductDependency;
			package = FF58176F2A64126B008199C6 /* XCRemoteSwiftPackageReference "realm-swift" */;
			productName = RealmSwift;
		};
		FF5817752A6412FE008199C6 /* FirebaseAuth */ = {
			isa = XCSwiftPackageProductDependency;
			package = FF5817742A6412FE008199C6 /* XCRemoteSwiftPackageReference "firebase-ios-sdk" */;
			productName = FirebaseAuth;
		};
		FF5817772A6412FE008199C6 /* FirebaseDatabase */ = {
			isa = XCSwiftPackageProductDependency;
			package = FF5817742A6412FE008199C6 /* XCRemoteSwiftPackageReference "firebase-ios-sdk" */;
			productName = FirebaseDatabase;
		};
		FF5817792A6412FE008199C6 /* FirebaseMessaging */ = {
			isa = XCSwiftPackageProductDependency;
			package = FF5817742A6412FE008199C6 /* XCRemoteSwiftPackageReference "firebase-ios-sdk" */;
			productName = FirebaseMessaging;
		};
		FF58177B2A6412FE008199C6 /* FirebaseStorage */ = {
			isa = XCSwiftPackageProductDependency;
			package = FF5817742A6412FE008199C6 /* XCRemoteSwiftPackageReference "firebase-ios-sdk" */;
			productName = FirebaseStorage;
		};
		FF58177E2A641336008199C6 /* JGProgressHUD */ = {
			isa = XCSwiftPackageProductDependency;
			package = FF58177D2A641336008199C6 /* XCRemoteSwiftPackageReference "JGProgressHUD" */;
			productName = JGProgressHUD;
		};
		FF5817812A64137C008199C6 /* SDWebImage */ = {
			isa = XCSwiftPackageProductDependency;
			package = FF5817802A64137C008199C6 /* XCRemoteSwiftPackageReference "SDWebImage" */;
			productName = SDWebImage;
		};
		FF5817842A641390008199C6 /* TextFieldEffects */ = {
			isa = XCSwiftPackageProductDependency;
			package = FF5817832A641390008199C6 /* XCRemoteSwiftPackageReference "TextFieldEffects" */;
			productName = TextFieldEffects;
		};
/* End XCSwiftPackageProductDependency section */
	};
	rootObject = 53FD6BF428EEF13200D2C50D /* Project object */;
}
