// !$*UTF8*$!
{
	archiveVersion = 1;
	classes = {
	};
	objectVersion = 56;
	objects = {

/* Begin PBXBuildFile section */
		5341BE6328F04DF100253761 /* GoogleService-Info.plist in Resources */ = {isa = PBXBuildFile; fileRef = 5341BE6228F04DF100253761 /* GoogleService-Info.plist */; };
		5341BE6528F0545D00253761 /* GroupsViewController.swift in Sources */ = {isa = PBXBuildFile; fileRef = 5341BE6428F0545D00253761 /* GroupsViewController.swift */; };
		5341BE6728F0719800253761 /* LoginViewController.swift in Sources */ = {isa = PBXBuildFile; fileRef = 5341BE6628F0719800253761 /* LoginViewController.swift */; };
		5341BE6928F0721400253761 /* RegisterViewController.swift in Sources */ = {isa = PBXBuildFile; fileRef = 5341BE6828F0721400253761 /* RegisterViewController.swift */; };
		5341BE6B28F07BBE00253761 /* SettingsViewController.swift in Sources */ = {isa = PBXBuildFile; fileRef = 5341BE6A28F07BBE00253761 /* SettingsViewController.swift */; };
		5341BE7028F08BEA00253761 /* FireDBManager.swift in Sources */ = {isa = PBXBuildFile; fileRef = 5341BE6F28F08BEA00253761 /* FireDBManager.swift */; };
		5341BE7228F08D6400253761 /* UserModel.swift in Sources */ = {isa = PBXBuildFile; fileRef = 5341BE7128F08D6400253761 /* UserModel.swift */; };
		5341BE7428F09B9000253761 /* FireStoreManager.swift in Sources */ = {isa = PBXBuildFile; fileRef = 5341BE7328F09B9000253761 /* FireStoreManager.swift */; };
		5341BE7628F09EF100253761 /* RealmUser.swift in Sources */ = {isa = PBXBuildFile; fileRef = 5341BE7528F09EF100253761 /* RealmUser.swift */; };
		534B6B2928EF07CD006EF12A /* NewCategoryViewController.swift in Sources */ = {isa = PBXBuildFile; fileRef = 534B6B2828EF07CD006EF12A /* NewCategoryViewController.swift */; };
		534B6B2B28EF3C6B006EF12A /* PersonalCategories.swift in Sources */ = {isa = PBXBuildFile; fileRef = 534B6B2A28EF3C6B006EF12A /* PersonalCategories.swift */; };
		534B6B2D28EF4F10006EF12A /* PersonalItemsViewController.swift in Sources */ = {isa = PBXBuildFile; fileRef = 534B6B2C28EF4F10006EF12A /* PersonalItemsViewController.swift */; };
		535CA5C028F2AA2E007C2011 /* ImageManager.swift in Sources */ = {isa = PBXBuildFile; fileRef = 535CA5BF28F2AA2D007C2011 /* ImageManager.swift */; };
		535CA5C228F2C358007C2011 /* PersonalCategoriesModel.swift in Sources */ = {isa = PBXBuildFile; fileRef = 535CA5C128F2C358007C2011 /* PersonalCategoriesModel.swift */; };
		535CA5C428F2C511007C2011 /* PersonalItemsModel.swift in Sources */ = {isa = PBXBuildFile; fileRef = 535CA5C328F2C511007C2011 /* PersonalItemsModel.swift */; };
		535CA5C628F2C610007C2011 /* ViewControllerExtensions.swift in Sources */ = {isa = PBXBuildFile; fileRef = 535CA5C528F2C610007C2011 /* ViewControllerExtensions.swift */; };
		53ACAD3D28F00ABA005C3579 /* NewItemViewController.swift in Sources */ = {isa = PBXBuildFile; fileRef = 53ACAD3C28F00ABA005C3579 /* NewItemViewController.swift */; };
		53ACAD3F28F00D70005C3579 /* PersonalItems.swift in Sources */ = {isa = PBXBuildFile; fileRef = 53ACAD3E28F00D70005C3579 /* PersonalItems.swift */; };
		53BCCDCE28F571BA003B32A4 /* Groups.swift in Sources */ = {isa = PBXBuildFile; fileRef = 53BCCDCD28F571BA003B32A4 /* Groups.swift */; };
		53BCCDD028F573DF003B32A4 /* AddGroupViewController.swift in Sources */ = {isa = PBXBuildFile; fileRef = 53BCCDCF28F573DF003B32A4 /* AddGroupViewController.swift */; };
		53BCCDD328F5DCD9003B32A4 /* NewGroupCollectionViewCell.swift in Sources */ = {isa = PBXBuildFile; fileRef = 53BCCDD128F5DCD9003B32A4 /* NewGroupCollectionViewCell.swift */; };
		53BCCDD428F5DCD9003B32A4 /* NewGroupCollectionViewCell.xib in Resources */ = {isa = PBXBuildFile; fileRef = 53BCCDD228F5DCD9003B32A4 /* NewGroupCollectionViewCell.xib */; };
		53BCCDD728F5EE5F003B32A4 /* UsersResultsTableViewCell.swift in Sources */ = {isa = PBXBuildFile; fileRef = 53BCCDD528F5EE5F003B32A4 /* UsersResultsTableViewCell.swift */; };
		53BCCDD828F5EE5F003B32A4 /* UsersResultsTableViewCell.xib in Resources */ = {isa = PBXBuildFile; fileRef = 53BCCDD628F5EE5F003B32A4 /* UsersResultsTableViewCell.xib */; };
		53BCCDDD28F5FC42003B32A4 /* GroupPaticipants.swift in Sources */ = {isa = PBXBuildFile; fileRef = 53BCCDDC28F5FC42003B32A4 /* GroupPaticipants.swift */; };
		53BCCDDF28F5FDE1003B32A4 /* GroupItems.swift in Sources */ = {isa = PBXBuildFile; fileRef = 53BCCDDE28F5FDE1003B32A4 /* GroupItems.swift */; };
		53FD6C0028EEF13200D2C50D /* AppDelegate.swift in Sources */ = {isa = PBXBuildFile; fileRef = 53FD6BFF28EEF13200D2C50D /* AppDelegate.swift */; };
		53FD6C0228EEF13200D2C50D /* SceneDelegate.swift in Sources */ = {isa = PBXBuildFile; fileRef = 53FD6C0128EEF13200D2C50D /* SceneDelegate.swift */; };
		53FD6C0428EEF13200D2C50D /* PersonalCategoriesViewController.swift in Sources */ = {isa = PBXBuildFile; fileRef = 53FD6C0328EEF13200D2C50D /* PersonalCategoriesViewController.swift */; };
		53FD6C0728EEF13200D2C50D /* Main.storyboard in Resources */ = {isa = PBXBuildFile; fileRef = 53FD6C0528EEF13200D2C50D /* Main.storyboard */; };
		53FD6C0928EEF13300D2C50D /* Assets.xcassets in Resources */ = {isa = PBXBuildFile; fileRef = 53FD6C0828EEF13300D2C50D /* Assets.xcassets */; };
		53FD6C0C28EEF13300D2C50D /* LaunchScreen.storyboard in Resources */ = {isa = PBXBuildFile; fileRef = 53FD6C0A28EEF13300D2C50D /* LaunchScreen.storyboard */; };
		792A64FD63C74BE148BC8458 /* Pods_Group_Do.framework in Frameworks */ = {isa = PBXBuildFile; fileRef = 96A17237F64EA30CF8E4BFB7 /* Pods_Group_Do.framework */; };
/* End PBXBuildFile section */

/* Begin PBXFileReference section */
		0D3307D1C79A9D9BD18D4FFE /* Pods-Group Do.debug.xcconfig */ = {isa = PBXFileReference; includeInIndex = 1; lastKnownFileType = text.xcconfig; name = "Pods-Group Do.debug.xcconfig"; path = "Target Support Files/Pods-Group Do/Pods-Group Do.debug.xcconfig"; sourceTree = "<group>"; };
		5341BE6228F04DF100253761 /* GoogleService-Info.plist */ = {isa = PBXFileReference; fileEncoding = 4; lastKnownFileType = text.plist.xml; path = "GoogleService-Info.plist"; sourceTree = "<group>"; };
		5341BE6428F0545D00253761 /* GroupsViewController.swift */ = {isa = PBXFileReference; lastKnownFileType = sourcecode.swift; path = GroupsViewController.swift; sourceTree = "<group>"; };
		5341BE6628F0719800253761 /* LoginViewController.swift */ = {isa = PBXFileReference; lastKnownFileType = sourcecode.swift; path = LoginViewController.swift; sourceTree = "<group>"; };
		5341BE6828F0721400253761 /* RegisterViewController.swift */ = {isa = PBXFileReference; lastKnownFileType = sourcecode.swift; path = RegisterViewController.swift; sourceTree = "<group>"; };
		5341BE6A28F07BBE00253761 /* SettingsViewController.swift */ = {isa = PBXFileReference; lastKnownFileType = sourcecode.swift; path = SettingsViewController.swift; sourceTree = "<group>"; };
		5341BE6F28F08BEA00253761 /* FireDBManager.swift */ = {isa = PBXFileReference; lastKnownFileType = sourcecode.swift; path = FireDBManager.swift; sourceTree = "<group>"; };
		5341BE7128F08D6400253761 /* UserModel.swift */ = {isa = PBXFileReference; lastKnownFileType = sourcecode.swift; path = UserModel.swift; sourceTree = "<group>"; };
		5341BE7328F09B9000253761 /* FireStoreManager.swift */ = {isa = PBXFileReference; lastKnownFileType = sourcecode.swift; path = FireStoreManager.swift; sourceTree = "<group>"; };
		5341BE7528F09EF100253761 /* RealmUser.swift */ = {isa = PBXFileReference; lastKnownFileType = sourcecode.swift; path = RealmUser.swift; sourceTree = "<group>"; };
		534B6B2828EF07CD006EF12A /* NewCategoryViewController.swift */ = {isa = PBXFileReference; lastKnownFileType = sourcecode.swift; path = NewCategoryViewController.swift; sourceTree = "<group>"; };
		534B6B2A28EF3C6B006EF12A /* PersonalCategories.swift */ = {isa = PBXFileReference; lastKnownFileType = sourcecode.swift; path = PersonalCategories.swift; sourceTree = "<group>"; };
		534B6B2C28EF4F10006EF12A /* PersonalItemsViewController.swift */ = {isa = PBXFileReference; lastKnownFileType = sourcecode.swift; path = PersonalItemsViewController.swift; sourceTree = "<group>"; };
		535CA5BF28F2AA2D007C2011 /* ImageManager.swift */ = {isa = PBXFileReference; lastKnownFileType = sourcecode.swift; path = ImageManager.swift; sourceTree = "<group>"; };
		535CA5C128F2C358007C2011 /* PersonalCategoriesModel.swift */ = {isa = PBXFileReference; lastKnownFileType = sourcecode.swift; path = PersonalCategoriesModel.swift; sourceTree = "<group>"; };
		535CA5C328F2C511007C2011 /* PersonalItemsModel.swift */ = {isa = PBXFileReference; lastKnownFileType = sourcecode.swift; path = PersonalItemsModel.swift; sourceTree = "<group>"; };
		535CA5C528F2C610007C2011 /* ViewControllerExtensions.swift */ = {isa = PBXFileReference; lastKnownFileType = sourcecode.swift; path = ViewControllerExtensions.swift; sourceTree = "<group>"; };
		53ACAD3C28F00ABA005C3579 /* NewItemViewController.swift */ = {isa = PBXFileReference; lastKnownFileType = sourcecode.swift; path = NewItemViewController.swift; sourceTree = "<group>"; };
		53ACAD3E28F00D70005C3579 /* PersonalItems.swift */ = {isa = PBXFileReference; lastKnownFileType = sourcecode.swift; path = PersonalItems.swift; sourceTree = "<group>"; };
		53BCCDCD28F571BA003B32A4 /* Groups.swift */ = {isa = PBXFileReference; lastKnownFileType = sourcecode.swift; path = Groups.swift; sourceTree = "<group>"; };
		53BCCDCF28F573DF003B32A4 /* AddGroupViewController.swift */ = {isa = PBXFileReference; lastKnownFileType = sourcecode.swift; path = AddGroupViewController.swift; sourceTree = "<group>"; };
		53BCCDD128F5DCD9003B32A4 /* NewGroupCollectionViewCell.swift */ = {isa = PBXFileReference; lastKnownFileType = sourcecode.swift; path = NewGroupCollectionViewCell.swift; sourceTree = "<group>"; };
		53BCCDD228F5DCD9003B32A4 /* NewGroupCollectionViewCell.xib */ = {isa = PBXFileReference; lastKnownFileType = file.xib; path = NewGroupCollectionViewCell.xib; sourceTree = "<group>"; };
		53BCCDD528F5EE5F003B32A4 /* UsersResultsTableViewCell.swift */ = {isa = PBXFileReference; lastKnownFileType = sourcecode.swift; path = UsersResultsTableViewCell.swift; sourceTree = "<group>"; };
		53BCCDD628F5EE5F003B32A4 /* UsersResultsTableViewCell.xib */ = {isa = PBXFileReference; lastKnownFileType = file.xib; path = UsersResultsTableViewCell.xib; sourceTree = "<group>"; };
		53BCCDDC28F5FC42003B32A4 /* GroupPaticipants.swift */ = {isa = PBXFileReference; lastKnownFileType = sourcecode.swift; path = GroupPaticipants.swift; sourceTree = "<group>"; };
		53BCCDDE28F5FDE1003B32A4 /* GroupItems.swift */ = {isa = PBXFileReference; lastKnownFileType = sourcecode.swift; path = GroupItems.swift; sourceTree = "<group>"; };
		53FD6BFC28EEF13200D2C50D /* Group Do.app */ = {isa = PBXFileReference; explicitFileType = wrapper.application; includeInIndex = 0; path = "Group Do.app"; sourceTree = BUILT_PRODUCTS_DIR; };
		53FD6BFF28EEF13200D2C50D /* AppDelegate.swift */ = {isa = PBXFileReference; lastKnownFileType = sourcecode.swift; path = AppDelegate.swift; sourceTree = "<group>"; };
		53FD6C0128EEF13200D2C50D /* SceneDelegate.swift */ = {isa = PBXFileReference; lastKnownFileType = sourcecode.swift; path = SceneDelegate.swift; sourceTree = "<group>"; };
		53FD6C0328EEF13200D2C50D /* PersonalCategoriesViewController.swift */ = {isa = PBXFileReference; lastKnownFileType = sourcecode.swift; path = PersonalCategoriesViewController.swift; sourceTree = "<group>"; };
		53FD6C0628EEF13200D2C50D /* Base */ = {isa = PBXFileReference; lastKnownFileType = file.storyboard; name = Base; path = Base.lproj/Main.storyboard; sourceTree = "<group>"; };
		53FD6C0828EEF13300D2C50D /* Assets.xcassets */ = {isa = PBXFileReference; lastKnownFileType = folder.assetcatalog; path = Assets.xcassets; sourceTree = "<group>"; };
		53FD6C0B28EEF13300D2C50D /* Base */ = {isa = PBXFileReference; lastKnownFileType = file.storyboard; name = Base; path = Base.lproj/LaunchScreen.storyboard; sourceTree = "<group>"; };
		53FD6C0D28EEF13300D2C50D /* Info.plist */ = {isa = PBXFileReference; lastKnownFileType = text.plist.xml; path = Info.plist; sourceTree = "<group>"; };
		96A17237F64EA30CF8E4BFB7 /* Pods_Group_Do.framework */ = {isa = PBXFileReference; explicitFileType = wrapper.framework; includeInIndex = 0; path = Pods_Group_Do.framework; sourceTree = BUILT_PRODUCTS_DIR; };
		C475972CE419311D58AA4AAD /* Pods-Group Do.release.xcconfig */ = {isa = PBXFileReference; includeInIndex = 1; lastKnownFileType = text.xcconfig; name = "Pods-Group Do.release.xcconfig"; path = "Target Support Files/Pods-Group Do/Pods-Group Do.release.xcconfig"; sourceTree = "<group>"; };
/* End PBXFileReference section */

/* Begin PBXFrameworksBuildPhase section */
		53FD6BF928EEF13200D2C50D /* Frameworks */ = {
			isa = PBXFrameworksBuildPhase;
			buildActionMask = 2147483647;
			files = (
				792A64FD63C74BE148BC8458 /* Pods_Group_Do.framework in Frameworks */,
			);
			runOnlyForDeploymentPostprocessing = 0;
		};
/* End PBXFrameworksBuildPhase section */

/* Begin PBXGroup section */
		5341BE6C28F0880F00253761 /* Personal ToDo */ = {
			isa = PBXGroup;
			children = (
				53FD6C0328EEF13200D2C50D /* PersonalCategoriesViewController.swift */,
				534B6B2828EF07CD006EF12A /* NewCategoryViewController.swift */,
				534B6B2C28EF4F10006EF12A /* PersonalItemsViewController.swift */,
				53ACAD3C28F00ABA005C3579 /* NewItemViewController.swift */,
			);
			path = "Personal ToDo";
			sourceTree = "<group>";
		};
		5341BE6D28F0882D00253761 /* Group ToDo */ = {
			isa = PBXGroup;
			children = (
				5341BE6428F0545D00253761 /* GroupsViewController.swift */,
				53BCCDD928F5F298003B32A4 /* Create Group */,
			);
			path = "Group ToDo";
			sourceTree = "<group>";
		};
		5341BE6E28F0885A00253761 /* Login & Register */ = {
			isa = PBXGroup;
			children = (
				5341BE6628F0719800253761 /* LoginViewController.swift */,
				5341BE6828F0721400253761 /* RegisterViewController.swift */,
			);
			path = "Login & Register";
			sourceTree = "<group>";
		};
		53BCCDD928F5F298003B32A4 /* Create Group */ = {
			isa = PBXGroup;
			children = (
				53BCCDCF28F573DF003B32A4 /* AddGroupViewController.swift */,
				53BCCDD128F5DCD9003B32A4 /* NewGroupCollectionViewCell.swift */,
				53BCCDD528F5EE5F003B32A4 /* UsersResultsTableViewCell.swift */,
			);
			path = "Create Group";
			sourceTree = "<group>";
		};
		53BCCDDA28F5FB42003B32A4 /* Personal */ = {
			isa = PBXGroup;
			children = (
				534B6B2A28EF3C6B006EF12A /* PersonalCategories.swift */,
				53ACAD3E28F00D70005C3579 /* PersonalItems.swift */,
			);
			path = Personal;
			sourceTree = "<group>";
		};
		53BCCDDB28F5FB54003B32A4 /* Group */ = {
			isa = PBXGroup;
			children = (
				53BCCDCD28F571BA003B32A4 /* Groups.swift */,
				53BCCDDC28F5FC42003B32A4 /* GroupPaticipants.swift */,
				53BCCDDE28F5FDE1003B32A4 /* GroupItems.swift */,
			);
			path = Group;
			sourceTree = "<group>";
		};
		53FD6BF328EEF13200D2C50D = {
			isa = PBXGroup;
			children = (
				53FD6BFE28EEF13200D2C50D /* Group Do */,
				53FD6BFD28EEF13200D2C50D /* Products */,
				9B5A13208D0CA2043A9EC308 /* Pods */,
				9C31D61E0535B2056142296A /* Frameworks */,
			);
			sourceTree = "<group>";
		};
		53FD6BFD28EEF13200D2C50D /* Products */ = {
			isa = PBXGroup;
			children = (
				53FD6BFC28EEF13200D2C50D /* Group Do.app */,
			);
			name = Products;
			sourceTree = "<group>";
		};
		53FD6BFE28EEF13200D2C50D /* Group Do */ = {
			isa = PBXGroup;
			children = (
				53FD6C1728EEF1D400D2C50D /* Resources */,
				53FD6C1628EEF1C400D2C50D /* Models */,
				53FD6C1428EEF18500D2C50D /* View */,
				53FD6C1528EEF19D00D2C50D /* Controllers */,
				53FD6C1828EEF1F000D2C50D /* Realm Data */,
				53FD6C0D28EEF13300D2C50D /* Info.plist */,
				5341BE6228F04DF100253761 /* GoogleService-Info.plist */,
			);
			path = "Group Do";
			sourceTree = "<group>";
		};
		53FD6C1428EEF18500D2C50D /* View */ = {
			isa = PBXGroup;
			children = (
				53FD6C0528EEF13200D2C50D /* Main.storyboard */,
				53BCCDD228F5DCD9003B32A4 /* NewGroupCollectionViewCell.xib */,
				53BCCDD628F5EE5F003B32A4 /* UsersResultsTableViewCell.xib */,
				53FD6C0828EEF13300D2C50D /* Assets.xcassets */,
				53FD6C0A28EEF13300D2C50D /* LaunchScreen.storyboard */,
			);
			path = View;
			sourceTree = "<group>";
		};
		53FD6C1528EEF19D00D2C50D /* Controllers */ = {
			isa = PBXGroup;
			children = (
				5341BE6C28F0880F00253761 /* Personal ToDo */,
				5341BE6D28F0882D00253761 /* Group ToDo */,
				5341BE6E28F0885A00253761 /* Login & Register */,
				5341BE6A28F07BBE00253761 /* SettingsViewController.swift */,
			);
			path = Controllers;
			sourceTree = "<group>";
		};
		53FD6C1628EEF1C400D2C50D /* Models */ = {
			isa = PBXGroup;
			children = (
				5341BE7128F08D6400253761 /* UserModel.swift */,
				535CA5C128F2C358007C2011 /* PersonalCategoriesModel.swift */,
				535CA5C328F2C511007C2011 /* PersonalItemsModel.swift */,
			);
			path = Models;
			sourceTree = "<group>";
		};
		53FD6C1728EEF1D400D2C50D /* Resources */ = {
			isa = PBXGroup;
			children = (
				53FD6BFF28EEF13200D2C50D /* AppDelegate.swift */,
				53FD6C0128EEF13200D2C50D /* SceneDelegate.swift */,
				5341BE6F28F08BEA00253761 /* FireDBManager.swift */,
				5341BE7328F09B9000253761 /* FireStoreManager.swift */,
				535CA5BF28F2AA2D007C2011 /* ImageManager.swift */,
				535CA5C528F2C610007C2011 /* ViewControllerExtensions.swift */,
			);
			path = Resources;
			sourceTree = "<group>";
		};
		53FD6C1828EEF1F000D2C50D /* Realm Data */ = {
			isa = PBXGroup;
			children = (
				53BCCDDA28F5FB42003B32A4 /* Personal */,
				5341BE7528F09EF100253761 /* RealmUser.swift */,
				53BCCDDB28F5FB54003B32A4 /* Group */,
			);
			path = "Realm Data";
			sourceTree = "<group>";
		};
		9B5A13208D0CA2043A9EC308 /* Pods */ = {
			isa = PBXGroup;
			children = (
				0D3307D1C79A9D9BD18D4FFE /* Pods-Group Do.debug.xcconfig */,
				C475972CE419311D58AA4AAD /* Pods-Group Do.release.xcconfig */,
			);
			path = Pods;
			sourceTree = "<group>";
		};
		9C31D61E0535B2056142296A /* Frameworks */ = {
			isa = PBXGroup;
			children = (
				96A17237F64EA30CF8E4BFB7 /* Pods_Group_Do.framework */,
			);
			name = Frameworks;
			sourceTree = "<group>";
		};
/* End PBXGroup section */

/* Begin PBXNativeTarget section */
		53FD6BFB28EEF13200D2C50D /* Group Do */ = {
			isa = PBXNativeTarget;
			buildConfigurationList = 53FD6C1028EEF13300D2C50D /* Build configuration list for PBXNativeTarget "Group Do" */;
			buildPhases = (
				67389E241A16DEA46CC162CA /* [CP] Check Pods Manifest.lock */,
				53FD6BF828EEF13200D2C50D /* Sources */,
				53FD6BF928EEF13200D2C50D /* Frameworks */,
				53FD6BFA28EEF13200D2C50D /* Resources */,
				9DD1DE0D3A50A3F379E2BED8 /* [CP] Embed Pods Frameworks */,
			);
			buildRules = (
			);
			dependencies = (
			);
			name = "Group Do";
			productName = "Group Do";
			productReference = 53FD6BFC28EEF13200D2C50D /* Group Do.app */;
			productType = "com.apple.product-type.application";
		};
/* End PBXNativeTarget section */

/* Begin PBXProject section */
		53FD6BF428EEF13200D2C50D /* Project object */ = {
			isa = PBXProject;
			attributes = {
				BuildIndependentTargetsInParallel = 1;
				LastSwiftUpdateCheck = 1400;
				LastUpgradeCheck = 1400;
				TargetAttributes = {
					53FD6BFB28EEF13200D2C50D = {
						CreatedOnToolsVersion = 14.0;
					};
				};
			};
			buildConfigurationList = 53FD6BF728EEF13200D2C50D /* Build configuration list for PBXProject "Group Do" */;
			compatibilityVersion = "Xcode 14.0";
			developmentRegion = en;
			hasScannedForEncodings = 0;
			knownRegions = (
				en,
				Base,
			);
			mainGroup = 53FD6BF328EEF13200D2C50D;
			productRefGroup = 53FD6BFD28EEF13200D2C50D /* Products */;
			projectDirPath = "";
			projectRoot = "";
			targets = (
				53FD6BFB28EEF13200D2C50D /* Group Do */,
			);
		};
/* End PBXProject section */

/* Begin PBXResourcesBuildPhase section */
		53FD6BFA28EEF13200D2C50D /* Resources */ = {
			isa = PBXResourcesBuildPhase;
			buildActionMask = 2147483647;
			files = (
				53FD6C0C28EEF13300D2C50D /* LaunchScreen.storyboard in Resources */,
				5341BE6328F04DF100253761 /* GoogleService-Info.plist in Resources */,
				53FD6C0928EEF13300D2C50D /* Assets.xcassets in Resources */,
				53FD6C0728EEF13200D2C50D /* Main.storyboard in Resources */,
				53BCCDD428F5DCD9003B32A4 /* NewGroupCollectionViewCell.xib in Resources */,
				53BCCDD828F5EE5F003B32A4 /* UsersResultsTableViewCell.xib in Resources */,
			);
			runOnlyForDeploymentPostprocessing = 0;
		};
/* End PBXResourcesBuildPhase section */

/* Begin PBXShellScriptBuildPhase section */
		67389E241A16DEA46CC162CA /* [CP] Check Pods Manifest.lock */ = {
			isa = PBXShellScriptBuildPhase;
			buildActionMask = 2147483647;
			files = (
			);
			inputFileListPaths = (
			);
			inputPaths = (
				"${PODS_PODFILE_DIR_PATH}/Podfile.lock",
				"${PODS_ROOT}/Manifest.lock",
			);
			name = "[CP] Check Pods Manifest.lock";
			outputFileListPaths = (
			);
			outputPaths = (
				"$(DERIVED_FILE_DIR)/Pods-Group Do-checkManifestLockResult.txt",
			);
			runOnlyForDeploymentPostprocessing = 0;
			shellPath = /bin/sh;
			shellScript = "diff \"${PODS_PODFILE_DIR_PATH}/Podfile.lock\" \"${PODS_ROOT}/Manifest.lock\" > /dev/null\nif [ $? != 0 ] ; then\n    # print error to STDERR\n    echo \"error: The sandbox is not in sync with the Podfile.lock. Run 'pod install' or update your CocoaPods installation.\" >&2\n    exit 1\nfi\n# This output is used by Xcode 'outputs' to avoid re-running this script phase.\necho \"SUCCESS\" > \"${SCRIPT_OUTPUT_FILE_0}\"\n";
			showEnvVarsInLog = 0;
		};
		9DD1DE0D3A50A3F379E2BED8 /* [CP] Embed Pods Frameworks */ = {
			isa = PBXShellScriptBuildPhase;
			buildActionMask = 2147483647;
			files = (
			);
			inputFileListPaths = (
				"${PODS_ROOT}/Target Support Files/Pods-Group Do/Pods-Group Do-frameworks-${CONFIGURATION}-input-files.xcfilelist",
			);
			name = "[CP] Embed Pods Frameworks";
			outputFileListPaths = (
				"${PODS_ROOT}/Target Support Files/Pods-Group Do/Pods-Group Do-frameworks-${CONFIGURATION}-output-files.xcfilelist",
			);
			runOnlyForDeploymentPostprocessing = 0;
			shellPath = /bin/sh;
			shellScript = "\"${PODS_ROOT}/Target Support Files/Pods-Group Do/Pods-Group Do-frameworks.sh\"\n";
			showEnvVarsInLog = 0;
		};
/* End PBXShellScriptBuildPhase section */

/* Begin PBXSourcesBuildPhase section */
		53FD6BF828EEF13200D2C50D /* Sources */ = {
			isa = PBXSourcesBuildPhase;
			buildActionMask = 2147483647;
			files = (
				53BCCDD028F573DF003B32A4 /* AddGroupViewController.swift in Sources */,
				535CA5C028F2AA2E007C2011 /* ImageManager.swift in Sources */,
				53FD6C0428EEF13200D2C50D /* PersonalCategoriesViewController.swift in Sources */,
				5341BE7028F08BEA00253761 /* FireDBManager.swift in Sources */,
				53BCCDDF28F5FDE1003B32A4 /* GroupItems.swift in Sources */,
				5341BE6928F0721400253761 /* RegisterViewController.swift in Sources */,
				535CA5C428F2C511007C2011 /* PersonalItemsModel.swift in Sources */,
				5341BE7428F09B9000253761 /* FireStoreManager.swift in Sources */,
				534B6B2B28EF3C6B006EF12A /* PersonalCategories.swift in Sources */,
				534B6B2928EF07CD006EF12A /* NewCategoryViewController.swift in Sources */,
				53BCCDD728F5EE5F003B32A4 /* UsersResultsTableViewCell.swift in Sources */,
				535CA5C628F2C610007C2011 /* ViewControllerExtensions.swift in Sources */,
				534B6B2D28EF4F10006EF12A /* PersonalItemsViewController.swift in Sources */,
				53FD6C0028EEF13200D2C50D /* AppDelegate.swift in Sources */,
				535CA5C228F2C358007C2011 /* PersonalCategoriesModel.swift in Sources */,
				53BCCDDD28F5FC42003B32A4 /* GroupPaticipants.swift in Sources */,
				53ACAD3F28F00D70005C3579 /* PersonalItems.swift in Sources */,
				5341BE7228F08D6400253761 /* UserModel.swift in Sources */,
				53BCCDD328F5DCD9003B32A4 /* NewGroupCollectionViewCell.swift in Sources */,
				5341BE7628F09EF100253761 /* RealmUser.swift in Sources */,
				53FD6C0228EEF13200D2C50D /* SceneDelegate.swift in Sources */,
				53ACAD3D28F00ABA005C3579 /* NewItemViewController.swift in Sources */,
				5341BE6728F0719800253761 /* LoginViewController.swift in Sources */,
				5341BE6528F0545D00253761 /* GroupsViewController.swift in Sources */,
				5341BE6B28F07BBE00253761 /* SettingsViewController.swift in Sources */,
				53BCCDCE28F571BA003B32A4 /* Groups.swift in Sources */,
			);
			runOnlyForDeploymentPostprocessing = 0;
		};
/* End PBXSourcesBuildPhase section */

/* Begin PBXVariantGroup section */
		53FD6C0528EEF13200D2C50D /* Main.storyboard */ = {
			isa = PBXVariantGroup;
			children = (
				53FD6C0628EEF13200D2C50D /* Base */,
			);
			name = Main.storyboard;
			sourceTree = "<group>";
		};
		53FD6C0A28EEF13300D2C50D /* LaunchScreen.storyboard */ = {
			isa = PBXVariantGroup;
			children = (
				53FD6C0B28EEF13300D2C50D /* Base */,
			);
			name = LaunchScreen.storyboard;
			sourceTree = "<group>";
		};
/* End PBXVariantGroup section */

/* Begin XCBuildConfiguration section */
		53FD6C0E28EEF13300D2C50D /* Debug */ = {
			isa = XCBuildConfiguration;
			buildSettings = {
				ALWAYS_SEARCH_USER_PATHS = NO;
				CLANG_ANALYZER_NONNULL = YES;
				CLANG_ANALYZER_NUMBER_OBJECT_CONVERSION = YES_AGGRESSIVE;
				CLANG_CXX_LANGUAGE_STANDARD = "gnu++20";
				CLANG_ENABLE_MODULES = YES;
				CLANG_ENABLE_OBJC_ARC = YES;
				CLANG_ENABLE_OBJC_WEAK = YES;
				CLANG_WARN_BLOCK_CAPTURE_AUTORELEASING = YES;
				CLANG_WARN_BOOL_CONVERSION = YES;
				CLANG_WARN_COMMA = YES;
				CLANG_WARN_CONSTANT_CONVERSION = YES;
				CLANG_WARN_DEPRECATED_OBJC_IMPLEMENTATIONS = YES;
				CLANG_WARN_DIRECT_OBJC_ISA_USAGE = YES_ERROR;
				CLANG_WARN_DOCUMENTATION_COMMENTS = YES;
				CLANG_WARN_EMPTY_BODY = YES;
				CLANG_WARN_ENUM_CONVERSION = YES;
				CLANG_WARN_INFINITE_RECURSION = YES;
				CLANG_WARN_INT_CONVERSION = YES;
				CLANG_WARN_NON_LITERAL_NULL_CONVERSION = YES;
				CLANG_WARN_OBJC_IMPLICIT_RETAIN_SELF = YES;
				CLANG_WARN_OBJC_LITERAL_CONVERSION = YES;
				CLANG_WARN_OBJC_ROOT_CLASS = YES_ERROR;
				CLANG_WARN_QUOTED_INCLUDE_IN_FRAMEWORK_HEADER = YES;
				CLANG_WARN_RANGE_LOOP_ANALYSIS = YES;
				CLANG_WARN_STRICT_PROTOTYPES = YES;
				CLANG_WARN_SUSPICIOUS_MOVE = YES;
				CLANG_WARN_UNGUARDED_AVAILABILITY = YES_AGGRESSIVE;
				CLANG_WARN_UNREACHABLE_CODE = YES;
				CLANG_WARN__DUPLICATE_METHOD_MATCH = YES;
				COPY_PHASE_STRIP = NO;
				DEBUG_INFORMATION_FORMAT = dwarf;
				ENABLE_STRICT_OBJC_MSGSEND = YES;
				ENABLE_TESTABILITY = YES;
				GCC_C_LANGUAGE_STANDARD = gnu11;
				GCC_DYNAMIC_NO_PIC = NO;
				GCC_NO_COMMON_BLOCKS = YES;
				GCC_OPTIMIZATION_LEVEL = 0;
				GCC_PREPROCESSOR_DEFINITIONS = (
					"DEBUG=1",
					"$(inherited)",
				);
				GCC_WARN_64_TO_32_BIT_CONVERSION = YES;
				GCC_WARN_ABOUT_RETURN_TYPE = YES_ERROR;
				GCC_WARN_UNDECLARED_SELECTOR = YES;
				GCC_WARN_UNINITIALIZED_AUTOS = YES_AGGRESSIVE;
				GCC_WARN_UNUSED_FUNCTION = YES;
				GCC_WARN_UNUSED_VARIABLE = YES;
				IPHONEOS_DEPLOYMENT_TARGET = 16.0;
				MTL_ENABLE_DEBUG_INFO = INCLUDE_SOURCE;
				MTL_FAST_MATH = YES;
				ONLY_ACTIVE_ARCH = YES;
				SDKROOT = iphoneos;
				SWIFT_ACTIVE_COMPILATION_CONDITIONS = DEBUG;
				SWIFT_OPTIMIZATION_LEVEL = "-Onone";
			};
			name = Debug;
		};
		53FD6C0F28EEF13300D2C50D /* Release */ = {
			isa = XCBuildConfiguration;
			buildSettings = {
				ALWAYS_SEARCH_USER_PATHS = NO;
				CLANG_ANALYZER_NONNULL = YES;
				CLANG_ANALYZER_NUMBER_OBJECT_CONVERSION = YES_AGGRESSIVE;
				CLANG_CXX_LANGUAGE_STANDARD = "gnu++20";
				CLANG_ENABLE_MODULES = YES;
				CLANG_ENABLE_OBJC_ARC = YES;
				CLANG_ENABLE_OBJC_WEAK = YES;
				CLANG_WARN_BLOCK_CAPTURE_AUTORELEASING = YES;
				CLANG_WARN_BOOL_CONVERSION = YES;
				CLANG_WARN_COMMA = YES;
				CLANG_WARN_CONSTANT_CONVERSION = YES;
				CLANG_WARN_DEPRECATED_OBJC_IMPLEMENTATIONS = YES;
				CLANG_WARN_DIRECT_OBJC_ISA_USAGE = YES_ERROR;
				CLANG_WARN_DOCUMENTATION_COMMENTS = YES;
				CLANG_WARN_EMPTY_BODY = YES;
				CLANG_WARN_ENUM_CONVERSION = YES;
				CLANG_WARN_INFINITE_RECURSION = YES;
				CLANG_WARN_INT_CONVERSION = YES;
				CLANG_WARN_NON_LITERAL_NULL_CONVERSION = YES;
				CLANG_WARN_OBJC_IMPLICIT_RETAIN_SELF = YES;
				CLANG_WARN_OBJC_LITERAL_CONVERSION = YES;
				CLANG_WARN_OBJC_ROOT_CLASS = YES_ERROR;
				CLANG_WARN_QUOTED_INCLUDE_IN_FRAMEWORK_HEADER = YES;
				CLANG_WARN_RANGE_LOOP_ANALYSIS = YES;
				CLANG_WARN_STRICT_PROTOTYPES = YES;
				CLANG_WARN_SUSPICIOUS_MOVE = YES;
				CLANG_WARN_UNGUARDED_AVAILABILITY = YES_AGGRESSIVE;
				CLANG_WARN_UNREACHABLE_CODE = YES;
				CLANG_WARN__DUPLICATE_METHOD_MATCH = YES;
				COPY_PHASE_STRIP = NO;
				DEBUG_INFORMATION_FORMAT = "dwarf-with-dsym";
				ENABLE_NS_ASSERTIONS = NO;
				ENABLE_STRICT_OBJC_MSGSEND = YES;
				GCC_C_LANGUAGE_STANDARD = gnu11;
				GCC_NO_COMMON_BLOCKS = YES;
				GCC_WARN_64_TO_32_BIT_CONVERSION = YES;
				GCC_WARN_ABOUT_RETURN_TYPE = YES_ERROR;
				GCC_WARN_UNDECLARED_SELECTOR = YES;
				GCC_WARN_UNINITIALIZED_AUTOS = YES_AGGRESSIVE;
				GCC_WARN_UNUSED_FUNCTION = YES;
				GCC_WARN_UNUSED_VARIABLE = YES;
				IPHONEOS_DEPLOYMENT_TARGET = 16.0;
				MTL_ENABLE_DEBUG_INFO = NO;
				MTL_FAST_MATH = YES;
				SDKROOT = iphoneos;
				SWIFT_COMPILATION_MODE = wholemodule;
				SWIFT_OPTIMIZATION_LEVEL = "-O";
				VALIDATE_PRODUCT = YES;
			};
			name = Release;
		};
		53FD6C1128EEF13300D2C50D /* Debug */ = {
			isa = XCBuildConfiguration;
			baseConfigurationReference = 0D3307D1C79A9D9BD18D4FFE /* Pods-Group Do.debug.xcconfig */;
			buildSettings = {
				ASSETCATALOG_COMPILER_APPICON_NAME = AppIcon;
				ASSETCATALOG_COMPILER_GLOBAL_ACCENT_COLOR_NAME = AccentColor;
				CODE_SIGN_STYLE = Automatic;
				CURRENT_PROJECT_VERSION = 1;
				DEVELOPMENT_TEAM = 8395HM2DQS;
				GENERATE_INFOPLIST_FILE = YES;
				INFOPLIST_FILE = "Group Do/Info.plist";
				INFOPLIST_KEY_UIApplicationSupportsIndirectInputEvents = YES;
				INFOPLIST_KEY_UILaunchStoryboardName = LaunchScreen.storyboard;
				INFOPLIST_KEY_UIMainStoryboardFile = Main;
				INFOPLIST_KEY_UISupportedInterfaceOrientations = UIInterfaceOrientationPortrait;
				INFOPLIST_KEY_UISupportedInterfaceOrientations_iPad = "UIInterfaceOrientationLandscapeLeft UIInterfaceOrientationLandscapeRight UIInterfaceOrientationPortrait UIInterfaceOrientationPortraitUpsideDown";
				IPHONEOS_DEPLOYMENT_TARGET = 14.0;
				LD_RUNPATH_SEARCH_PATHS = (
					"$(inherited)",
					"@executable_path/Frameworks",
				);
				MARKETING_VERSION = 1.0;
				PRODUCT_BUNDLE_IDENTIFIER = "com.GabrielCastilloSerafim.Group-Do";
				PRODUCT_NAME = "$(TARGET_NAME)";
				SUPPORTED_PLATFORMS = "iphoneos iphonesimulator";
				SUPPORTS_MACCATALYST = NO;
				SUPPORTS_MAC_DESIGNED_FOR_IPHONE_IPAD = NO;
				SWIFT_EMIT_LOC_STRINGS = YES;
				SWIFT_VERSION = 5.0;
				TARGETED_DEVICE_FAMILY = 1;
			};
			name = Debug;
		};
		53FD6C1228EEF13300D2C50D /* Release */ = {
			isa = XCBuildConfiguration;
			baseConfigurationReference = C475972CE419311D58AA4AAD /* Pods-Group Do.release.xcconfig */;
			buildSettings = {
				ASSETCATALOG_COMPILER_APPICON_NAME = AppIcon;
				ASSETCATALOG_COMPILER_GLOBAL_ACCENT_COLOR_NAME = AccentColor;
				CODE_SIGN_STYLE = Automatic;
				CURRENT_PROJECT_VERSION = 1;
				DEVELOPMENT_TEAM = 8395HM2DQS;
				GENERATE_INFOPLIST_FILE = YES;
				INFOPLIST_FILE = "Group Do/Info.plist";
				INFOPLIST_KEY_UIApplicationSupportsIndirectInputEvents = YES;
				INFOPLIST_KEY_UILaunchStoryboardName = LaunchScreen.storyboard;
				INFOPLIST_KEY_UIMainStoryboardFile = Main;
				INFOPLIST_KEY_UISupportedInterfaceOrientations = UIInterfaceOrientationPortrait;
				INFOPLIST_KEY_UISupportedInterfaceOrientations_iPad = "UIInterfaceOrientationLandscapeLeft UIInterfaceOrientationLandscapeRight UIInterfaceOrientationPortrait UIInterfaceOrientationPortraitUpsideDown";
				IPHONEOS_DEPLOYMENT_TARGET = 14.0;
				LD_RUNPATH_SEARCH_PATHS = (
					"$(inherited)",
					"@executable_path/Frameworks",
				);
				MARKETING_VERSION = 1.0;
				PRODUCT_BUNDLE_IDENTIFIER = "com.GabrielCastilloSerafim.Group-Do";
				PRODUCT_NAME = "$(TARGET_NAME)";
				SUPPORTED_PLATFORMS = "iphoneos iphonesimulator";
				SUPPORTS_MACCATALYST = NO;
				SUPPORTS_MAC_DESIGNED_FOR_IPHONE_IPAD = NO;
				SWIFT_EMIT_LOC_STRINGS = YES;
				SWIFT_VERSION = 5.0;
				TARGETED_DEVICE_FAMILY = 1;
			};
			name = Release;
		};
/* End XCBuildConfiguration section */

/* Begin XCConfigurationList section */
		53FD6BF728EEF13200D2C50D /* Build configuration list for PBXProject "Group Do" */ = {
			isa = XCConfigurationList;
			buildConfigurations = (
				53FD6C0E28EEF13300D2C50D /* Debug */,
				53FD6C0F28EEF13300D2C50D /* Release */,
			);
			defaultConfigurationIsVisible = 0;
			defaultConfigurationName = Release;
		};
		53FD6C1028EEF13300D2C50D /* Build configuration list for PBXNativeTarget "Group Do" */ = {
			isa = XCConfigurationList;
			buildConfigurations = (
				53FD6C1128EEF13300D2C50D /* Debug */,
				53FD6C1228EEF13300D2C50D /* Release */,
			);
			defaultConfigurationIsVisible = 0;
			defaultConfigurationName = Release;
		};
/* End XCConfigurationList section */
	};
	rootObject = 53FD6BF428EEF13200D2C50D /* Project object */;
}
